
Microsoft Visual Studio Solution File, Format Version 12.00
# Visual Studio 14
VisualStudioVersion = 14.0.25420.1
MinimumVisualStudioVersion = 10.0.40219.1
Project("{FAE04EC0-301F-11D3-BF4B-00C04F79EFBC}") = "Excluded", "Excluded\Excluded.csproj", "{CE9F44AE-DFA1-49A5-9BD8-A7CA848E2939}"
EndProject
Project("{FAE04EC0-301F-11D3-BF4B-00C04F79EFBC}") = "Normal", "Normal\Normal.csproj", "{B93B287C-47DB-4406-9EAB-653BCF7D20DC}"
EndProject
Project("{FAE04EC0-301F-11D3-BF4B-00C04F79EFBC}") = "Test", "Test\Test.csproj", "{2DC588FC-16FB-42F8-9FDA-193852E538AF}"
EndProject
Global
	GlobalSection(SolutionConfigurationPlatforms) = preSolution
		Debug|Any CPU = Debug|Any CPU
		Release|Any CPU = Release|Any CPU
	EndGlobalSection
	GlobalSection(ProjectConfigurationPlatforms) = postSolution
		{CE9F44AE-DFA1-49A5-9BD8-A7CA848E2939}.Debug|Any CPU.ActiveCfg = Debug|Any CPU
		{CE9F44AE-DFA1-49A5-9BD8-A7CA848E2939}.Debug|Any CPU.Build.0 = Debug|Any CPU
		{CE9F44AE-DFA1-49A5-9BD8-A7CA848E2939}.Release|Any CPU.ActiveCfg = Release|Any CPU
		{CE9F44AE-DFA1-49A5-9BD8-A7CA848E2939}.Release|Any CPU.Build.0 = Release|Any CPU
		{B93B287C-47DB-4406-9EAB-653BCF7D20DC}.Debug|Any CPU.ActiveCfg = Debug|Any CPU
		{B93B287C-47DB-4406-9EAB-653BCF7D20DC}.Debug|Any CPU.Build.0 = Debug|Any CPU
		{B93B287C-47DB-4406-9EAB-653BCF7D20DC}.Release|Any CPU.ActiveCfg = Release|Any CPU
		{B93B287C-47DB-4406-9EAB-653BCF7D20DC}.Release|Any CPU.Build.0 = Release|Any CPU
		{2DC588FC-16FB-42F8-9FDA-193852E538AF}.Debug|Any CPU.ActiveCfg = Debug|Any CPU
		{2DC588FC-16FB-42F8-9FDA-193852E538AF}.Debug|Any CPU.Build.0 = Debug|Any CPU
		{2DC588FC-16FB-42F8-9FDA-193852E538AF}.Release|Any CPU.ActiveCfg = Release|Any CPU
		{2DC588FC-16FB-42F8-9FDA-193852E538AF}.Release|Any CPU.Build.0 = Release|Any CPU
	EndGlobalSection
	GlobalSection(SolutionProperties) = preSolution
		HideSolutionNode = FALSE
	EndGlobalSection
EndGlobal
