
Microsoft Visual Studio Solution File, Format Version 12.00
# Visual Studio Version 16
VisualStudioVersion = 16.0.31515.178
MinimumVisualStudioVersion = 10.0.40219.1
Project("{FAE04EC0-301F-11D3-BF4B-00C04F79EFBC}") = "Main", "Main\Main.csproj", "{7DEE402D-E6E0-42C6-8270-DFDE2397581C}"
EndProject
Project("{FAE04EC0-301F-11D3-BF4B-00C04F79EFBC}") = "UTs", "UTs\UTs.csproj", "{0B5D5AED-4FF1-49EE-B6FB-57D927F017D2}"
EndProject
Global
	GlobalSection(SolutionConfigurationPlatforms) = preSolution
		Debug|Any CPU = Debug|Any CPU
		Release|Any CPU = Release|Any CPU
	EndGlobalSection
	GlobalSection(ProjectConfigurationPlatforms) = postSolution
		{7DEE402D-E6E0-42C6-8270-DFDE2397581C}.Debug|Any CPU.ActiveCfg = Debug|Any CPU
		{7DEE402D-E6E0-42C6-8270-DFDE2397581C}.Debug|Any CPU.Build.0 = Debug|Any CPU
		{7DEE402D-E6E0-42C6-8270-DFDE2397581C}.Release|Any CPU.ActiveCfg = Release|Any CPU
		{7DEE402D-E6E0-42C6-8270-DFDE2397581C}.Release|Any CPU.Build.0 = Release|Any CPU
		{0B5D5AED-4FF1-49EE-B6FB-57D927F017D2}.Debug|Any CPU.ActiveCfg = Debug|Any CPU
		{0B5D5AED-4FF1-49EE-B6FB-57D927F017D2}.Debug|Any CPU.Build.0 = Debug|Any CPU
		{0B5D5AED-4FF1-49EE-B6FB-57D927F017D2}.Release|Any CPU.ActiveCfg = Release|Any CPU
		{0B5D5AED-4FF1-49EE-B6FB-57D927F017D2}.Release|Any CPU.Build.0 = Release|Any CPU
	EndGlobalSection
	GlobalSection(SolutionProperties) = preSolution
		HideSolutionNode = FALSE
	EndGlobalSection
	GlobalSection(ExtensibilityGlobals) = postSolution
		SolutionGuid = {7572D293-0865-4A3C-A8AC-AD6E487659BE}
	EndGlobalSection
EndGlobal
