{
  "version": 1,
  "dependencies": {
    "net10.0": {
      "MSTest.TestAdapter": {
        "type": "Direct",
        "requested": "[3.6.1, )",
        "resolved": "3.6.1",
        "contentHash": "wgeZ8g4N75iksyrESdIGV46AxYqLvy1cRwyXCWfpA77huSPWCx89QsgZe3tg9k+OYx71v46aRVFZKT6gqCrarw==",
        "dependencies": {
          "Microsoft.Testing.Extensions.VSTestBridge": "1.4.1",
          "Microsoft.Testing.Platform.MSBuild": "1.4.1"
        }
      },
      "MSTest.TestFramework": {
        "type": "Direct",
        "requested": "[3.6.1, )",
        "resolved": "3.6.1",
        "contentHash": "ugHS5Bz+hlLBd7FSS9JokRrzjmlmDQIx0Hxj6LTJztH/CRkuzNM+hK9Zoa53DR/B4BysEpu16ZXnm6KLH6Vrzg=="
      },
      "Microsoft.ApplicationInsights": {
        "type": "Transitive",
        "resolved": "2.22.0",
        "contentHash": "3AOM9bZtku7RQwHyMEY3tQMrHIgjcfRDa6YQpd/QG2LDGvMydSlL9Di+8LLMt7J2RDdfJ7/2jdYv6yHcMJAnNw=="
      },
      "Microsoft.Testing.Extensions.Telemetry": {
        "type": "Transitive",
        "resolved": "1.4.1",
        "contentHash": "Li2CRKPN8LExJRakkaUV9Xq/VeezAkTG1Vp+bcuonES6VoCIKufnc9f5GwxYX5I9DIWWxwgR0UeowlkpOIKxiA==",
        "dependencies": {
          "Microsoft.ApplicationInsights": "2.22.0",
          "Microsoft.Testing.Platform": "1.4.1"
        }
      },
      "Microsoft.Testing.Extensions.TrxReport.Abstractions": {
        "type": "Transitive",
        "resolved": "1.4.1",
        "contentHash": "FJRIgh2cWPQmAmfWDkdROW94LjFCaRrcnBa6uX2xkcXL3SXqJN43RfbP5xMDCE7FyXXHBFBLyfKhIZ1L2lh9FA==",
        "dependencies": {
          "Microsoft.Testing.Platform": "1.4.1"
        }
      },
      "Microsoft.Testing.Extensions.VSTestBridge": {
        "type": "Transitive",
        "resolved": "1.4.1",
        "contentHash": "57U75DJEpN+JMJUfyEef57KlXfwtNMHuFd2j5+7VIiwli4oDCwGCZfSNLY/mQ1NcVPTdsLvW2awwMLdxiV7Ysg==",
        "dependencies": {
          "Microsoft.ApplicationInsights": "2.22.0",
          "Microsoft.TestPlatform.ObjectModel": "17.11.1",
          "Microsoft.Testing.Extensions.Telemetry": "1.4.1",
          "Microsoft.Testing.Extensions.TrxReport.Abstractions": "1.4.1",
          "Microsoft.Testing.Platform": "1.4.1"
        }
      },
      "Microsoft.Testing.Platform": {
        "type": "Transitive",
        "resolved": "1.4.1",
        "contentHash": "LT+DsDCtQL0x8tuClGk5mkBfeSdBuCgMX7UCE44H0JoayvOHhnbKCT5DElo2XNPclCbgm1PsPvePNPYQxV+X9w=="
      },
      "Microsoft.Testing.Platform.MSBuild": {
        "type": "Transitive",
        "resolved": "1.4.1",
        "contentHash": "2Vct6WOIUxJJy64srxB2uhZCe6ZxPVlA43VNdJJjvO8oSyy+vLCW4Vv37LNLnnj+XFq3QVo0KOOaVAtLgbnGGg==",
        "dependencies": {
          "Microsoft.Testing.Platform": "1.4.1"
        }
      },
      "Microsoft.TestPlatform.ObjectModel": {
        "type": "Transitive",
        "resolved": "17.11.1",
        "contentHash": "E2jZqAU6JeWEVsyOEOrSW1o1bpHLgb25ypvKNB/moBXPVsFYBPd/Jwi7OrYahG50J83LfHzezYI+GaEkpAotiA=="
      },
      "main": {
        "type": "Project"
      }
    }
  }
}