
Microsoft Visual Studio Solution File, Format Version 12.00
# Visual Studio Version 16
VisualStudioVersion = 16.0.30516.212
MinimumVisualStudioVersion = 10.0.40219.1
Project("{9A19103F-16F7-4668-BE54-9A1E7A4F7556}") = "SonarScanner.MSBuild.TFS.Classic", "src\SonarScanner.MSBuild.TFS.Classic\SonarScanner.MSBuild.TFS.Classic.csproj", "{AEFF9994-48E2-4D7A-9C97-641E3DB82411}"
EndProject
Project("{9A19103F-16F7-4668-BE54-9A1E7A4F7556}") = "SonarScanner.MSBuild.TFS", "src\SonarScanner.MSBuild.TFS\SonarScanner.MSBuild.TFS.csproj", "{CEFBB4AD-D00D-4B55-9B19-88F3B3235966}"
EndProject
Project("{9A19103F-16F7-4668-BE54-9A1E7A4F7556}") = "SonarScanner.MSBuild.Common", "src\SonarScanner.MSBuild.Common\SonarScanner.MSBuild.Common.csproj", "{3D09B66D-1990-4DA2-A635-0BBB6E2900EC}"
EndProject
Project("{2150E333-8FDC-42A3-9474-1A3956D46DE8}") = "Tests", "Tests", "{F20DAA9F-DCE4-4A7D-828A-6F1641AC9121}"
EndProject
Project("{FAE04EC0-301F-11D3-BF4B-00C04F79EFBC}") = "SonarScanner.MSBuild.TFS.Test", "Tests\SonarScanner.MSBuild.TFS.Test\SonarScanner.MSBuild.TFS.Test.csproj", "{D46E5A94-A9DD-4337-ADD7-2D79CB9D640A}"
EndProject
Project("{FAE04EC0-301F-11D3-BF4B-00C04F79EFBC}") = "TestUtilities", "Tests\TestUtilities\TestUtilities.csproj", "{2FA8E679-3BEC-4679-A543-8CADB117C9EB}"
EndProject
Project("{9A19103F-16F7-4668-BE54-9A1E7A4F7556}") = "SonarScanner.MSBuild.Shim", "src\SonarScanner.MSBuild.Shim\SonarScanner.MSBuild.Shim.csproj", "{EC07BB1B-219C-46DF-9079-AD74CA929697}"
EndProject
Project("{FAE04EC0-301F-11D3-BF4B-00C04F79EFBC}") = "SonarScanner.MSBuild.Shim.Test", "Tests\SonarScanner.MSBuild.Shim.Test\SonarScanner.MSBuild.Shim.Test.csproj", "{F43FC14B-5249-46F4-9E89-F4AAFDDB27ED}"
EndProject
Global
	GlobalSection(SolutionConfigurationPlatforms) = preSolution
		Debug|Any CPU = Debug|Any CPU
		Release|Any CPU = Release|Any CPU
	EndGlobalSection
	GlobalSection(ProjectConfigurationPlatforms) = postSolution
		{AEFF9994-48E2-4D7A-9C97-641E3DB82411}.Debug|Any CPU.ActiveCfg = Debug|Any CPU
		{AEFF9994-48E2-4D7A-9C97-641E3DB82411}.Debug|Any CPU.Build.0 = Debug|Any CPU
		{AEFF9994-48E2-4D7A-9C97-641E3DB82411}.Release|Any CPU.ActiveCfg = Release|Any CPU
		{AEFF9994-48E2-4D7A-9C97-641E3DB82411}.Release|Any CPU.Build.0 = Release|Any CPU
		{CEFBB4AD-D00D-4B55-9B19-88F3B3235966}.Debug|Any CPU.ActiveCfg = Debug|Any CPU
		{CEFBB4AD-D00D-4B55-9B19-88F3B3235966}.Debug|Any CPU.Build.0 = Debug|Any CPU
		{CEFBB4AD-D00D-4B55-9B19-88F3B3235966}.Release|Any CPU.ActiveCfg = Release|Any CPU
		{CEFBB4AD-D00D-4B55-9B19-88F3B3235966}.Release|Any CPU.Build.0 = Release|Any CPU
		{3D09B66D-1990-4DA2-A635-0BBB6E2900EC}.Debug|Any CPU.ActiveCfg = Debug|Any CPU
		{3D09B66D-1990-4DA2-A635-0BBB6E2900EC}.Debug|Any CPU.Build.0 = Debug|Any CPU
		{3D09B66D-1990-4DA2-A635-0BBB6E2900EC}.Release|Any CPU.ActiveCfg = Release|Any CPU
		{3D09B66D-1990-4DA2-A635-0BBB6E2900EC}.Release|Any CPU.Build.0 = Release|Any CPU
		{D46E5A94-A9DD-4337-ADD7-2D79CB9D640A}.Debug|Any CPU.ActiveCfg = Debug|Any CPU
		{D46E5A94-A9DD-4337-ADD7-2D79CB9D640A}.Debug|Any CPU.Build.0 = Debug|Any CPU
		{D46E5A94-A9DD-4337-ADD7-2D79CB9D640A}.Release|Any CPU.ActiveCfg = Release|Any CPU
		{D46E5A94-A9DD-4337-ADD7-2D79CB9D640A}.Release|Any CPU.Build.0 = Release|Any CPU
		{2FA8E679-3BEC-4679-A543-8CADB117C9EB}.Debug|Any CPU.ActiveCfg = Debug|Any CPU
		{2FA8E679-3BEC-4679-A543-8CADB117C9EB}.Debug|Any CPU.Build.0 = Debug|Any CPU
		{2FA8E679-3BEC-4679-A543-8CADB117C9EB}.Release|Any CPU.ActiveCfg = Release|Any CPU
		{2FA8E679-3BEC-4679-A543-8CADB117C9EB}.Release|Any CPU.Build.0 = Release|Any CPU
		{EC07BB1B-219C-46DF-9079-AD74CA929697}.Debug|Any CPU.ActiveCfg = Debug|Any CPU
		{EC07BB1B-219C-46DF-9079-AD74CA929697}.Debug|Any CPU.Build.0 = Debug|Any CPU
		{EC07BB1B-219C-46DF-9079-AD74CA929697}.Release|Any CPU.ActiveCfg = Release|Any CPU
		{EC07BB1B-219C-46DF-9079-AD74CA929697}.Release|Any CPU.Build.0 = Release|Any CPU
		{F43FC14B-5249-46F4-9E89-F4AAFDDB27ED}.Debug|Any CPU.ActiveCfg = Debug|Any CPU
		{F43FC14B-5249-46F4-9E89-F4AAFDDB27ED}.Debug|Any CPU.Build.0 = Debug|Any CPU
		{F43FC14B-5249-46F4-9E89-F4AAFDDB27ED}.Release|Any CPU.ActiveCfg = Release|Any CPU
		{F43FC14B-5249-46F4-9E89-F4AAFDDB27ED}.Release|Any CPU.Build.0 = Release|Any CPU
	EndGlobalSection
	GlobalSection(SolutionProperties) = preSolution
		HideSolutionNode = FALSE
	EndGlobalSection
	GlobalSection(NestedProjects) = preSolution
		{D46E5A94-A9DD-4337-ADD7-2D79CB9D640A} = {F20DAA9F-DCE4-4A7D-828A-6F1641AC9121}
		{2FA8E679-3BEC-4679-A543-8CADB117C9EB} = {F20DAA9F-DCE4-4A7D-828A-6F1641AC9121}
		{F43FC14B-5249-46F4-9E89-F4AAFDDB27ED} = {F20DAA9F-DCE4-4A7D-828A-6F1641AC9121}
	EndGlobalSection
	GlobalSection(ExtensibilityGlobals) = postSolution
		SolutionGuid = {4B2B2045-61D8-4873-948A-71A0DDB35757}
	EndGlobalSection
EndGlobal
