
Microsoft Visual Studio Solution File, Format Version 12.00
# Visual Studio 15
VisualStudioVersion = 15.0.27004.2010
MinimumVisualStudioVersion = 10.0.40219.1
Project("{9A19103F-16F7-4668-BE54-9A1E7A4F7556}") = "SonarQube.MSBuild.Tasks", "SonarQube.MSBuild.Tasks\SonarQube.MSBuild.Tasks.csproj", "{AB14D4F9-F7B9-4CAB-A0DD-54068B236A6D}"
EndProject
Project("{2150E333-8FDC-42A3-9474-1A3956D46DE8}") = "Tests", "Tests", "{E04A4D31-AC10-4F56-9678-5D538932578C}"
EndProject
Project("{2150E333-8FDC-42A3-9474-1A3956D46DE8}") = "Packaging", "Packaging", "{37FB4C72-0F3D-4BF2-9F78-2780A76746A2}"
EndProject
Project("{FAE04EC0-301F-11D3-BF4B-00C04F79EFBC}") = "BuildAgentPayload", "PackagingProjects\BuildAgentPayload\BuildAgentPayload.csproj", "{ECEADD3A-5992-420F-950D-510BBDDC06E1}"
	ProjectSection(ProjectDependencies) = postProject
		{1DC5323A-4472-41BB-9DAA-E7B0CF0CBC93} = {1DC5323A-4472-41BB-9DAA-E7B0CF0CBC93}
		{92A0573F-BFE1-4AC4-8391-B34B0F78F024} = {92A0573F-BFE1-4AC4-8391-B34B0F78F024}
		{A9A59A3F-A6B1-4217-B8A7-807D38726A5D} = {A9A59A3F-A6B1-4217-B8A7-807D38726A5D}
		{528E8C72-85DD-426A-8FD5-167F640D8EA6} = {528E8C72-85DD-426A-8FD5-167F640D8EA6}
		{41AFF289-3802-44EF-9990-FA55432EFE69} = {41AFF289-3802-44EF-9990-FA55432EFE69}
		{B1DB0FE3-8363-4A31-A425-5B52F41D7774} = {B1DB0FE3-8363-4A31-A425-5B52F41D7774}
		{AB14D4F9-F7B9-4CAB-A0DD-54068B236A6D} = {AB14D4F9-F7B9-4CAB-A0DD-54068B236A6D}
	EndProjectSection
EndProject
Project("{2150E333-8FDC-42A3-9474-1A3956D46DE8}") = "Solution Items", "Solution Items", "{78700959-9C9B-4566-B245-48BBE5D403F6}"
	ProjectSection(SolutionItems) = preProject
		SonarQube\sonar-msbuild-runnerCSharp.ruleset = SonarQube\sonar-msbuild-runnerCSharp.ruleset
		SonarLint.xml = SonarLint.xml
	EndProjectSection
EndProject
Project("{2150E333-8FDC-42A3-9474-1A3956D46DE8}") = "SonarQube", "SonarQube", "{B6AA1FBF-BA98-4686-8C37-D1FD13DBB2E6}"
	ProjectSection(SolutionItems) = preProject
		SonarQube\SolutionBinding.sqconfig = SonarQube\SolutionBinding.sqconfig
		SonarQube\sonar-scanner-msbuildCSharp.ruleset = SonarQube\sonar-scanner-msbuildCSharp.ruleset
	EndProjectSection
EndProject
Project("{9A19103F-16F7-4668-BE54-9A1E7A4F7556}") = "SonarQube.Common", "SonarQube.Common\SonarQube.Common.csproj", "{528E8C72-85DD-426A-8FD5-167F640D8EA6}"
EndProject
Project("{9A19103F-16F7-4668-BE54-9A1E7A4F7556}") = "SonarQube.Scanner.Begin", "SonarQube.TeamBuild.PreProcessor\SonarQube.Scanner.Begin.csproj", "{1DC5323A-4472-41BB-9DAA-E7B0CF0CBC93}"
EndProject
Project("{9A19103F-16F7-4668-BE54-9A1E7A4F7556}") = "SonarQube.TeamBuild.Integration", "SonarQube.TeamBuild.Integration\SonarQube.TeamBuild.Integration.csproj", "{92A0573F-BFE1-4AC4-8391-B34B0F78F024}"
EndProject
Project("{9A19103F-16F7-4668-BE54-9A1E7A4F7556}") = "SonarQube.Scanner.End", "SonarQube.TeamBuild.PostProcessor\SonarQube.Scanner.End.csproj", "{B1DB0FE3-8363-4A31-A425-5B52F41D7774}"
EndProject
Project("{9A19103F-16F7-4668-BE54-9A1E7A4F7556}") = "SonarScanner.Shim", "SonarScanner.Shim\SonarScanner.Shim.csproj", "{41AFF289-3802-44EF-9990-FA55432EFE69}"
EndProject
Project("{9A19103F-16F7-4668-BE54-9A1E7A4F7556}") = "SonarQube.Scanner.MSBuild", "SonarQube.Bootstrapper\SonarQube.Scanner.MSBuild.csproj", "{A9A59A3F-A6B1-4217-B8A7-807D38726A5D}"
EndProject
Project("{9A19103F-16F7-4668-BE54-9A1E7A4F7556}") = "SonarQube.Common.UnitTests", "Tests\SonarQube.Common.UnitTests\SonarQube.Common.UnitTests.csproj", "{F3169202-544D-41A1-B3AE-C566D9B85B92}"
EndProject
Project("{9A19103F-16F7-4668-BE54-9A1E7A4F7556}") = "TestUtilities", "Tests\TestUtilities\TestUtilities.csproj", "{CA11EE11-1857-4722-A915-CA0B5D8CAE4D}"
EndProject
Project("{9A19103F-16F7-4668-BE54-9A1E7A4F7556}") = "SonarScanner.Shim.Tests", "Tests\SonarScanner.Shim.Tests\SonarScanner.Shim.Tests.csproj", "{6A2FD1FE-67D6-4DB0-9461-F1B9F72AA824}"
EndProject
Project("{9A19103F-16F7-4668-BE54-9A1E7A4F7556}") = "SonarQube.Scanner.Begin.Tests", "Tests\SonarQube.TeamBuild.PreProcessor.Tests\SonarQube.Scanner.Begin.Tests.csproj", "{F0A0C62A-5A34-4E8C-A070-C172CD69FE01}"
EndProject
Project("{9A19103F-16F7-4668-BE54-9A1E7A4F7556}") = "SonarQube.Scanner.End.Tests", "Tests\SonarQube.TeamBuild.PostProcessor.Tests\SonarQube.Scanner.End.Tests.csproj", "{5C874809-E03C-43C6-85EC-47C81B21D2EE}"
EndProject
Project("{9A19103F-16F7-4668-BE54-9A1E7A4F7556}") = "SonarQube.TeamBuild.Integration.Tests", "Tests\SonarQube.TeamBuild.Integration.Tests\SonarQube.TeamBuild.Integration.Tests.csproj", "{CEC674FB-8263-4BA8-90CA-2504F66DCF5E}"
EndProject
Project("{9A19103F-16F7-4668-BE54-9A1E7A4F7556}") = "SonarQube.MSBuild.Tasks.UnitTests", "Tests\SonarQube.MSBuild.Tasks.UnitTests\SonarQube.MSBuild.Tasks.UnitTests.csproj", "{200A1DD4-2162-47D4-AEAA-883A58A5AF41}"
EndProject
Project("{9A19103F-16F7-4668-BE54-9A1E7A4F7556}") = "SonarQube.MSBuild.Tasks.IntegrationTests", "Tests\SonarQube.MSBuild.Tasks.IntegrationTests\SonarQube.MSBuild.Tasks.IntegrationTests.csproj", "{0EADACAA-D8B9-49FD-B2EA-153FFACB1FB6}"
EndProject
Project("{9A19103F-16F7-4668-BE54-9A1E7A4F7556}") = "SonarQube.Scanner.MSBuild.Tests", "Tests\SonarQube.Bootstrapper.Tests\SonarQube.Scanner.MSBuild.Tests.csproj", "{9506F92A-CBAE-4691-A222-77292F539F83}"
EndProject
Global
	GlobalSection(SolutionConfigurationPlatforms) = preSolution
		Debug|Any CPU = Debug|Any CPU
		Debug|Mixed Platforms = Debug|Mixed Platforms
		Debug|x86 = Debug|x86
		Release|Any CPU = Release|Any CPU
		Release|Mixed Platforms = Release|Mixed Platforms
		Release|x86 = Release|x86
	EndGlobalSection
	GlobalSection(ProjectConfigurationPlatforms) = postSolution
		{AB14D4F9-F7B9-4CAB-A0DD-54068B236A6D}.Debug|Any CPU.ActiveCfg = Debug|Any CPU
		{AB14D4F9-F7B9-4CAB-A0DD-54068B236A6D}.Debug|Any CPU.Build.0 = Debug|Any CPU
		{AB14D4F9-F7B9-4CAB-A0DD-54068B236A6D}.Debug|Mixed Platforms.ActiveCfg = Debug|Any CPU
		{AB14D4F9-F7B9-4CAB-A0DD-54068B236A6D}.Debug|Mixed Platforms.Build.0 = Debug|Any CPU
		{AB14D4F9-F7B9-4CAB-A0DD-54068B236A6D}.Debug|x86.ActiveCfg = Debug|Any CPU
		{AB14D4F9-F7B9-4CAB-A0DD-54068B236A6D}.Release|Any CPU.ActiveCfg = Release|Any CPU
		{AB14D4F9-F7B9-4CAB-A0DD-54068B236A6D}.Release|Any CPU.Build.0 = Release|Any CPU
		{AB14D4F9-F7B9-4CAB-A0DD-54068B236A6D}.Release|Mixed Platforms.ActiveCfg = Release|Any CPU
		{AB14D4F9-F7B9-4CAB-A0DD-54068B236A6D}.Release|Mixed Platforms.Build.0 = Release|Any CPU
		{AB14D4F9-F7B9-4CAB-A0DD-54068B236A6D}.Release|x86.ActiveCfg = Release|Any CPU
		{ECEADD3A-5992-420F-950D-510BBDDC06E1}.Debug|Any CPU.ActiveCfg = Debug|Any CPU
		{ECEADD3A-5992-420F-950D-510BBDDC06E1}.Debug|Any CPU.Build.0 = Debug|Any CPU
		{ECEADD3A-5992-420F-950D-510BBDDC06E1}.Debug|Mixed Platforms.ActiveCfg = Debug|Any CPU
		{ECEADD3A-5992-420F-950D-510BBDDC06E1}.Debug|Mixed Platforms.Build.0 = Debug|Any CPU
		{ECEADD3A-5992-420F-950D-510BBDDC06E1}.Debug|x86.ActiveCfg = Debug|Any CPU
		{ECEADD3A-5992-420F-950D-510BBDDC06E1}.Release|Any CPU.ActiveCfg = Release|Any CPU
		{ECEADD3A-5992-420F-950D-510BBDDC06E1}.Release|Any CPU.Build.0 = Release|Any CPU
		{ECEADD3A-5992-420F-950D-510BBDDC06E1}.Release|Mixed Platforms.ActiveCfg = Release|Any CPU
		{ECEADD3A-5992-420F-950D-510BBDDC06E1}.Release|Mixed Platforms.Build.0 = Release|Any CPU
		{ECEADD3A-5992-420F-950D-510BBDDC06E1}.Release|x86.ActiveCfg = Release|Any CPU
		{528E8C72-85DD-426A-8FD5-167F640D8EA6}.Debug|Any CPU.ActiveCfg = Debug|Any CPU
		{528E8C72-85DD-426A-8FD5-167F640D8EA6}.Debug|Any CPU.Build.0 = Debug|Any CPU
		{528E8C72-85DD-426A-8FD5-167F640D8EA6}.Debug|Mixed Platforms.ActiveCfg = Debug|Any CPU
		{528E8C72-85DD-426A-8FD5-167F640D8EA6}.Debug|Mixed Platforms.Build.0 = Debug|Any CPU
		{528E8C72-85DD-426A-8FD5-167F640D8EA6}.Debug|x86.ActiveCfg = Debug|Any CPU
		{528E8C72-85DD-426A-8FD5-167F640D8EA6}.Debug|x86.Build.0 = Debug|Any CPU
		{528E8C72-85DD-426A-8FD5-167F640D8EA6}.Release|Any CPU.ActiveCfg = Release|Any CPU
		{528E8C72-85DD-426A-8FD5-167F640D8EA6}.Release|Any CPU.Build.0 = Release|Any CPU
		{528E8C72-85DD-426A-8FD5-167F640D8EA6}.Release|Mixed Platforms.ActiveCfg = Release|Any CPU
		{528E8C72-85DD-426A-8FD5-167F640D8EA6}.Release|Mixed Platforms.Build.0 = Release|Any CPU
		{528E8C72-85DD-426A-8FD5-167F640D8EA6}.Release|x86.ActiveCfg = Release|Any CPU
		{528E8C72-85DD-426A-8FD5-167F640D8EA6}.Release|x86.Build.0 = Release|Any CPU
		{1DC5323A-4472-41BB-9DAA-E7B0CF0CBC93}.Debug|Any CPU.ActiveCfg = Debug|Any CPU
		{1DC5323A-4472-41BB-9DAA-E7B0CF0CBC93}.Debug|Any CPU.Build.0 = Debug|Any CPU
		{1DC5323A-4472-41BB-9DAA-E7B0CF0CBC93}.Debug|Mixed Platforms.ActiveCfg = Debug|Any CPU
		{1DC5323A-4472-41BB-9DAA-E7B0CF0CBC93}.Debug|Mixed Platforms.Build.0 = Debug|Any CPU
		{1DC5323A-4472-41BB-9DAA-E7B0CF0CBC93}.Debug|x86.ActiveCfg = Debug|Any CPU
		{1DC5323A-4472-41BB-9DAA-E7B0CF0CBC93}.Debug|x86.Build.0 = Debug|Any CPU
		{1DC5323A-4472-41BB-9DAA-E7B0CF0CBC93}.Release|Any CPU.ActiveCfg = Release|Any CPU
		{1DC5323A-4472-41BB-9DAA-E7B0CF0CBC93}.Release|Any CPU.Build.0 = Release|Any CPU
		{1DC5323A-4472-41BB-9DAA-E7B0CF0CBC93}.Release|Mixed Platforms.ActiveCfg = Release|Any CPU
		{1DC5323A-4472-41BB-9DAA-E7B0CF0CBC93}.Release|Mixed Platforms.Build.0 = Release|Any CPU
		{1DC5323A-4472-41BB-9DAA-E7B0CF0CBC93}.Release|x86.ActiveCfg = Release|Any CPU
		{1DC5323A-4472-41BB-9DAA-E7B0CF0CBC93}.Release|x86.Build.0 = Release|Any CPU
		{92A0573F-BFE1-4AC4-8391-B34B0F78F024}.Debug|Any CPU.ActiveCfg = Debug|Any CPU
		{92A0573F-BFE1-4AC4-8391-B34B0F78F024}.Debug|Any CPU.Build.0 = Debug|Any CPU
		{92A0573F-BFE1-4AC4-8391-B34B0F78F024}.Debug|Mixed Platforms.ActiveCfg = Debug|Any CPU
		{92A0573F-BFE1-4AC4-8391-B34B0F78F024}.Debug|Mixed Platforms.Build.0 = Debug|Any CPU
		{92A0573F-BFE1-4AC4-8391-B34B0F78F024}.Debug|x86.ActiveCfg = Debug|Any CPU
		{92A0573F-BFE1-4AC4-8391-B34B0F78F024}.Debug|x86.Build.0 = Debug|Any CPU
		{92A0573F-BFE1-4AC4-8391-B34B0F78F024}.Release|Any CPU.ActiveCfg = Release|Any CPU
		{92A0573F-BFE1-4AC4-8391-B34B0F78F024}.Release|Any CPU.Build.0 = Release|Any CPU
		{92A0573F-BFE1-4AC4-8391-B34B0F78F024}.Release|Mixed Platforms.ActiveCfg = Release|Any CPU
		{92A0573F-BFE1-4AC4-8391-B34B0F78F024}.Release|Mixed Platforms.Build.0 = Release|Any CPU
		{92A0573F-BFE1-4AC4-8391-B34B0F78F024}.Release|x86.ActiveCfg = Release|Any CPU
		{92A0573F-BFE1-4AC4-8391-B34B0F78F024}.Release|x86.Build.0 = Release|Any CPU
		{B1DB0FE3-8363-4A31-A425-5B52F41D7774}.Debug|Any CPU.ActiveCfg = Debug|Any CPU
		{B1DB0FE3-8363-4A31-A425-5B52F41D7774}.Debug|Any CPU.Build.0 = Debug|Any CPU
		{B1DB0FE3-8363-4A31-A425-5B52F41D7774}.Debug|Mixed Platforms.ActiveCfg = Debug|Any CPU
		{B1DB0FE3-8363-4A31-A425-5B52F41D7774}.Debug|Mixed Platforms.Build.0 = Debug|Any CPU
		{B1DB0FE3-8363-4A31-A425-5B52F41D7774}.Debug|x86.ActiveCfg = Debug|Any CPU
		{B1DB0FE3-8363-4A31-A425-5B52F41D7774}.Debug|x86.Build.0 = Debug|Any CPU
		{B1DB0FE3-8363-4A31-A425-5B52F41D7774}.Release|Any CPU.ActiveCfg = Release|Any CPU
		{B1DB0FE3-8363-4A31-A425-5B52F41D7774}.Release|Any CPU.Build.0 = Release|Any CPU
		{B1DB0FE3-8363-4A31-A425-5B52F41D7774}.Release|Mixed Platforms.ActiveCfg = Release|Any CPU
		{B1DB0FE3-8363-4A31-A425-5B52F41D7774}.Release|Mixed Platforms.Build.0 = Release|Any CPU
		{B1DB0FE3-8363-4A31-A425-5B52F41D7774}.Release|x86.ActiveCfg = Release|Any CPU
		{B1DB0FE3-8363-4A31-A425-5B52F41D7774}.Release|x86.Build.0 = Release|Any CPU
		{41AFF289-3802-44EF-9990-FA55432EFE69}.Debug|Any CPU.ActiveCfg = Debug|Any CPU
		{41AFF289-3802-44EF-9990-FA55432EFE69}.Debug|Any CPU.Build.0 = Debug|Any CPU
		{41AFF289-3802-44EF-9990-FA55432EFE69}.Debug|Mixed Platforms.ActiveCfg = Debug|Any CPU
		{41AFF289-3802-44EF-9990-FA55432EFE69}.Debug|Mixed Platforms.Build.0 = Debug|Any CPU
		{41AFF289-3802-44EF-9990-FA55432EFE69}.Debug|x86.ActiveCfg = Debug|Any CPU
		{41AFF289-3802-44EF-9990-FA55432EFE69}.Debug|x86.Build.0 = Debug|Any CPU
		{41AFF289-3802-44EF-9990-FA55432EFE69}.Release|Any CPU.ActiveCfg = Release|Any CPU
		{41AFF289-3802-44EF-9990-FA55432EFE69}.Release|Any CPU.Build.0 = Release|Any CPU
		{41AFF289-3802-44EF-9990-FA55432EFE69}.Release|Mixed Platforms.ActiveCfg = Release|Any CPU
		{41AFF289-3802-44EF-9990-FA55432EFE69}.Release|Mixed Platforms.Build.0 = Release|Any CPU
		{41AFF289-3802-44EF-9990-FA55432EFE69}.Release|x86.ActiveCfg = Release|Any CPU
		{41AFF289-3802-44EF-9990-FA55432EFE69}.Release|x86.Build.0 = Release|Any CPU
		{A9A59A3F-A6B1-4217-B8A7-807D38726A5D}.Debug|Any CPU.ActiveCfg = Debug|Any CPU
		{A9A59A3F-A6B1-4217-B8A7-807D38726A5D}.Debug|Any CPU.Build.0 = Debug|Any CPU
		{A9A59A3F-A6B1-4217-B8A7-807D38726A5D}.Debug|Mixed Platforms.ActiveCfg = Debug|Any CPU
		{A9A59A3F-A6B1-4217-B8A7-807D38726A5D}.Debug|Mixed Platforms.Build.0 = Debug|Any CPU
		{A9A59A3F-A6B1-4217-B8A7-807D38726A5D}.Debug|x86.ActiveCfg = Debug|Any CPU
		{A9A59A3F-A6B1-4217-B8A7-807D38726A5D}.Debug|x86.Build.0 = Debug|Any CPU
		{A9A59A3F-A6B1-4217-B8A7-807D38726A5D}.Release|Any CPU.ActiveCfg = Release|Any CPU
		{A9A59A3F-A6B1-4217-B8A7-807D38726A5D}.Release|Any CPU.Build.0 = Release|Any CPU
		{A9A59A3F-A6B1-4217-B8A7-807D38726A5D}.Release|Mixed Platforms.ActiveCfg = Release|Any CPU
		{A9A59A3F-A6B1-4217-B8A7-807D38726A5D}.Release|Mixed Platforms.Build.0 = Release|Any CPU
		{A9A59A3F-A6B1-4217-B8A7-807D38726A5D}.Release|x86.ActiveCfg = Release|Any CPU
		{A9A59A3F-A6B1-4217-B8A7-807D38726A5D}.Release|x86.Build.0 = Release|Any CPU
		{F3169202-544D-41A1-B3AE-C566D9B85B92}.Debug|Any CPU.ActiveCfg = Debug|Any CPU
		{F3169202-544D-41A1-B3AE-C566D9B85B92}.Debug|Any CPU.Build.0 = Debug|Any CPU
		{F3169202-544D-41A1-B3AE-C566D9B85B92}.Debug|Mixed Platforms.ActiveCfg = Debug|Any CPU
		{F3169202-544D-41A1-B3AE-C566D9B85B92}.Debug|Mixed Platforms.Build.0 = Debug|Any CPU
		{F3169202-544D-41A1-B3AE-C566D9B85B92}.Debug|x86.ActiveCfg = Debug|Any CPU
		{F3169202-544D-41A1-B3AE-C566D9B85B92}.Debug|x86.Build.0 = Debug|Any CPU
		{F3169202-544D-41A1-B3AE-C566D9B85B92}.Release|Any CPU.ActiveCfg = Release|Any CPU
		{F3169202-544D-41A1-B3AE-C566D9B85B92}.Release|Any CPU.Build.0 = Release|Any CPU
		{F3169202-544D-41A1-B3AE-C566D9B85B92}.Release|Mixed Platforms.ActiveCfg = Release|Any CPU
		{F3169202-544D-41A1-B3AE-C566D9B85B92}.Release|Mixed Platforms.Build.0 = Release|Any CPU
		{F3169202-544D-41A1-B3AE-C566D9B85B92}.Release|x86.ActiveCfg = Release|Any CPU
		{F3169202-544D-41A1-B3AE-C566D9B85B92}.Release|x86.Build.0 = Release|Any CPU
		{CA11EE11-1857-4722-A915-CA0B5D8CAE4D}.Debug|Any CPU.ActiveCfg = Debug|Any CPU
		{CA11EE11-1857-4722-A915-CA0B5D8CAE4D}.Debug|Any CPU.Build.0 = Debug|Any CPU
		{CA11EE11-1857-4722-A915-CA0B5D8CAE4D}.Debug|Mixed Platforms.ActiveCfg = Debug|Any CPU
		{CA11EE11-1857-4722-A915-CA0B5D8CAE4D}.Debug|Mixed Platforms.Build.0 = Debug|Any CPU
		{CA11EE11-1857-4722-A915-CA0B5D8CAE4D}.Debug|x86.ActiveCfg = Debug|Any CPU
		{CA11EE11-1857-4722-A915-CA0B5D8CAE4D}.Debug|x86.Build.0 = Debug|Any CPU
		{CA11EE11-1857-4722-A915-CA0B5D8CAE4D}.Release|Any CPU.ActiveCfg = Release|Any CPU
		{CA11EE11-1857-4722-A915-CA0B5D8CAE4D}.Release|Any CPU.Build.0 = Release|Any CPU
		{CA11EE11-1857-4722-A915-CA0B5D8CAE4D}.Release|Mixed Platforms.ActiveCfg = Release|Any CPU
		{CA11EE11-1857-4722-A915-CA0B5D8CAE4D}.Release|Mixed Platforms.Build.0 = Release|Any CPU
		{CA11EE11-1857-4722-A915-CA0B5D8CAE4D}.Release|x86.ActiveCfg = Release|Any CPU
		{CA11EE11-1857-4722-A915-CA0B5D8CAE4D}.Release|x86.Build.0 = Release|Any CPU
		{6A2FD1FE-67D6-4DB0-9461-F1B9F72AA824}.Debug|Any CPU.ActiveCfg = Debug|Any CPU
		{6A2FD1FE-67D6-4DB0-9461-F1B9F72AA824}.Debug|Any CPU.Build.0 = Debug|Any CPU
		{6A2FD1FE-67D6-4DB0-9461-F1B9F72AA824}.Debug|Mixed Platforms.ActiveCfg = Debug|Any CPU
		{6A2FD1FE-67D6-4DB0-9461-F1B9F72AA824}.Debug|Mixed Platforms.Build.0 = Debug|Any CPU
		{6A2FD1FE-67D6-4DB0-9461-F1B9F72AA824}.Debug|x86.ActiveCfg = Debug|Any CPU
		{6A2FD1FE-67D6-4DB0-9461-F1B9F72AA824}.Debug|x86.Build.0 = Debug|Any CPU
		{6A2FD1FE-67D6-4DB0-9461-F1B9F72AA824}.Release|Any CPU.ActiveCfg = Release|Any CPU
		{6A2FD1FE-67D6-4DB0-9461-F1B9F72AA824}.Release|Any CPU.Build.0 = Release|Any CPU
		{6A2FD1FE-67D6-4DB0-9461-F1B9F72AA824}.Release|Mixed Platforms.ActiveCfg = Release|Any CPU
		{6A2FD1FE-67D6-4DB0-9461-F1B9F72AA824}.Release|Mixed Platforms.Build.0 = Release|Any CPU
		{6A2FD1FE-67D6-4DB0-9461-F1B9F72AA824}.Release|x86.ActiveCfg = Release|Any CPU
		{6A2FD1FE-67D6-4DB0-9461-F1B9F72AA824}.Release|x86.Build.0 = Release|Any CPU
		{F0A0C62A-5A34-4E8C-A070-C172CD69FE01}.Debug|Any CPU.ActiveCfg = Debug|Any CPU
		{F0A0C62A-5A34-4E8C-A070-C172CD69FE01}.Debug|Any CPU.Build.0 = Debug|Any CPU
		{F0A0C62A-5A34-4E8C-A070-C172CD69FE01}.Debug|Mixed Platforms.ActiveCfg = Debug|Any CPU
		{F0A0C62A-5A34-4E8C-A070-C172CD69FE01}.Debug|Mixed Platforms.Build.0 = Debug|Any CPU
		{F0A0C62A-5A34-4E8C-A070-C172CD69FE01}.Debug|x86.ActiveCfg = Debug|Any CPU
		{F0A0C62A-5A34-4E8C-A070-C172CD69FE01}.Debug|x86.Build.0 = Debug|Any CPU
		{F0A0C62A-5A34-4E8C-A070-C172CD69FE01}.Release|Any CPU.ActiveCfg = Release|Any CPU
		{F0A0C62A-5A34-4E8C-A070-C172CD69FE01}.Release|Any CPU.Build.0 = Release|Any CPU
		{F0A0C62A-5A34-4E8C-A070-C172CD69FE01}.Release|Mixed Platforms.ActiveCfg = Release|Any CPU
		{F0A0C62A-5A34-4E8C-A070-C172CD69FE01}.Release|Mixed Platforms.Build.0 = Release|Any CPU
		{F0A0C62A-5A34-4E8C-A070-C172CD69FE01}.Release|x86.ActiveCfg = Release|Any CPU
		{F0A0C62A-5A34-4E8C-A070-C172CD69FE01}.Release|x86.Build.0 = Release|Any CPU
		{5C874809-E03C-43C6-85EC-47C81B21D2EE}.Debug|Any CPU.ActiveCfg = Debug|Any CPU
		{5C874809-E03C-43C6-85EC-47C81B21D2EE}.Debug|Any CPU.Build.0 = Debug|Any CPU
		{5C874809-E03C-43C6-85EC-47C81B21D2EE}.Debug|Mixed Platforms.ActiveCfg = Debug|Any CPU
		{5C874809-E03C-43C6-85EC-47C81B21D2EE}.Debug|Mixed Platforms.Build.0 = Debug|Any CPU
		{5C874809-E03C-43C6-85EC-47C81B21D2EE}.Debug|x86.ActiveCfg = Debug|Any CPU
		{5C874809-E03C-43C6-85EC-47C81B21D2EE}.Debug|x86.Build.0 = Debug|Any CPU
		{5C874809-E03C-43C6-85EC-47C81B21D2EE}.Release|Any CPU.ActiveCfg = Release|Any CPU
		{5C874809-E03C-43C6-85EC-47C81B21D2EE}.Release|Any CPU.Build.0 = Release|Any CPU
		{5C874809-E03C-43C6-85EC-47C81B21D2EE}.Release|Mixed Platforms.ActiveCfg = Release|Any CPU
		{5C874809-E03C-43C6-85EC-47C81B21D2EE}.Release|Mixed Platforms.Build.0 = Release|Any CPU
		{5C874809-E03C-43C6-85EC-47C81B21D2EE}.Release|x86.ActiveCfg = Release|Any CPU
		{5C874809-E03C-43C6-85EC-47C81B21D2EE}.Release|x86.Build.0 = Release|Any CPU
		{CEC674FB-8263-4BA8-90CA-2504F66DCF5E}.Debug|Any CPU.ActiveCfg = Debug|Any CPU
		{CEC674FB-8263-4BA8-90CA-2504F66DCF5E}.Debug|Any CPU.Build.0 = Debug|Any CPU
		{CEC674FB-8263-4BA8-90CA-2504F66DCF5E}.Debug|Mixed Platforms.ActiveCfg = Debug|Any CPU
		{CEC674FB-8263-4BA8-90CA-2504F66DCF5E}.Debug|Mixed Platforms.Build.0 = Debug|Any CPU
		{CEC674FB-8263-4BA8-90CA-2504F66DCF5E}.Debug|x86.ActiveCfg = Debug|Any CPU
		{CEC674FB-8263-4BA8-90CA-2504F66DCF5E}.Debug|x86.Build.0 = Debug|Any CPU
		{CEC674FB-8263-4BA8-90CA-2504F66DCF5E}.Release|Any CPU.ActiveCfg = Release|Any CPU
		{CEC674FB-8263-4BA8-90CA-2504F66DCF5E}.Release|Any CPU.Build.0 = Release|Any CPU
		{CEC674FB-8263-4BA8-90CA-2504F66DCF5E}.Release|Mixed Platforms.ActiveCfg = Release|Any CPU
		{CEC674FB-8263-4BA8-90CA-2504F66DCF5E}.Release|Mixed Platforms.Build.0 = Release|Any CPU
		{CEC674FB-8263-4BA8-90CA-2504F66DCF5E}.Release|x86.ActiveCfg = Release|Any CPU
		{CEC674FB-8263-4BA8-90CA-2504F66DCF5E}.Release|x86.Build.0 = Release|Any CPU
		{200A1DD4-2162-47D4-AEAA-883A58A5AF41}.Debug|Any CPU.ActiveCfg = Debug|Any CPU
		{200A1DD4-2162-47D4-AEAA-883A58A5AF41}.Debug|Any CPU.Build.0 = Debug|Any CPU
		{200A1DD4-2162-47D4-AEAA-883A58A5AF41}.Debug|Mixed Platforms.ActiveCfg = Debug|Any CPU
		{200A1DD4-2162-47D4-AEAA-883A58A5AF41}.Debug|Mixed Platforms.Build.0 = Debug|Any CPU
		{200A1DD4-2162-47D4-AEAA-883A58A5AF41}.Debug|x86.ActiveCfg = Debug|Any CPU
		{200A1DD4-2162-47D4-AEAA-883A58A5AF41}.Debug|x86.Build.0 = Debug|Any CPU
		{200A1DD4-2162-47D4-AEAA-883A58A5AF41}.Release|Any CPU.ActiveCfg = Release|Any CPU
		{200A1DD4-2162-47D4-AEAA-883A58A5AF41}.Release|Any CPU.Build.0 = Release|Any CPU
		{200A1DD4-2162-47D4-AEAA-883A58A5AF41}.Release|Mixed Platforms.ActiveCfg = Release|Any CPU
		{200A1DD4-2162-47D4-AEAA-883A58A5AF41}.Release|Mixed Platforms.Build.0 = Release|Any CPU
		{200A1DD4-2162-47D4-AEAA-883A58A5AF41}.Release|x86.ActiveCfg = Release|Any CPU
		{200A1DD4-2162-47D4-AEAA-883A58A5AF41}.Release|x86.Build.0 = Release|Any CPU
		{0EADACAA-D8B9-49FD-B2EA-153FFACB1FB6}.Debug|Any CPU.ActiveCfg = Debug|Any CPU
		{0EADACAA-D8B9-49FD-B2EA-153FFACB1FB6}.Debug|Any CPU.Build.0 = Debug|Any CPU
		{0EADACAA-D8B9-49FD-B2EA-153FFACB1FB6}.Debug|Mixed Platforms.ActiveCfg = Debug|Any CPU
		{0EADACAA-D8B9-49FD-B2EA-153FFACB1FB6}.Debug|Mixed Platforms.Build.0 = Debug|Any CPU
		{0EADACAA-D8B9-49FD-B2EA-153FFACB1FB6}.Debug|x86.ActiveCfg = Debug|Any CPU
		{0EADACAA-D8B9-49FD-B2EA-153FFACB1FB6}.Debug|x86.Build.0 = Debug|Any CPU
		{0EADACAA-D8B9-49FD-B2EA-153FFACB1FB6}.Release|Any CPU.ActiveCfg = Release|Any CPU
		{0EADACAA-D8B9-49FD-B2EA-153FFACB1FB6}.Release|Any CPU.Build.0 = Release|Any CPU
		{0EADACAA-D8B9-49FD-B2EA-153FFACB1FB6}.Release|Mixed Platforms.ActiveCfg = Release|Any CPU
		{0EADACAA-D8B9-49FD-B2EA-153FFACB1FB6}.Release|Mixed Platforms.Build.0 = Release|Any CPU
		{0EADACAA-D8B9-49FD-B2EA-153FFACB1FB6}.Release|x86.ActiveCfg = Release|Any CPU
		{0EADACAA-D8B9-49FD-B2EA-153FFACB1FB6}.Release|x86.Build.0 = Release|Any CPU
		{9506F92A-CBAE-4691-A222-77292F539F83}.Debug|Any CPU.ActiveCfg = Debug|Any CPU
		{9506F92A-CBAE-4691-A222-77292F539F83}.Debug|Any CPU.Build.0 = Debug|Any CPU
		{9506F92A-CBAE-4691-A222-77292F539F83}.Debug|Mixed Platforms.ActiveCfg = Debug|Any CPU
		{9506F92A-CBAE-4691-A222-77292F539F83}.Debug|Mixed Platforms.Build.0 = Debug|Any CPU
		{9506F92A-CBAE-4691-A222-77292F539F83}.Debug|x86.ActiveCfg = Debug|Any CPU
		{9506F92A-CBAE-4691-A222-77292F539F83}.Debug|x86.Build.0 = Debug|Any CPU
		{9506F92A-CBAE-4691-A222-77292F539F83}.Release|Any CPU.ActiveCfg = Release|Any CPU
		{9506F92A-CBAE-4691-A222-77292F539F83}.Release|Any CPU.Build.0 = Release|Any CPU
		{9506F92A-CBAE-4691-A222-77292F539F83}.Release|Mixed Platforms.ActiveCfg = Release|Any CPU
		{9506F92A-CBAE-4691-A222-77292F539F83}.Release|Mixed Platforms.Build.0 = Release|Any CPU
		{9506F92A-CBAE-4691-A222-77292F539F83}.Release|x86.ActiveCfg = Release|Any CPU
		{9506F92A-CBAE-4691-A222-77292F539F83}.Release|x86.Build.0 = Release|Any CPU
	EndGlobalSection
	GlobalSection(SolutionProperties) = preSolution
		HideSolutionNode = FALSE
	EndGlobalSection
	GlobalSection(NestedProjects) = preSolution
		{ECEADD3A-5992-420F-950D-510BBDDC06E1} = {37FB4C72-0F3D-4BF2-9F78-2780A76746A2}
		{F3169202-544D-41A1-B3AE-C566D9B85B92} = {E04A4D31-AC10-4F56-9678-5D538932578C}
		{CA11EE11-1857-4722-A915-CA0B5D8CAE4D} = {E04A4D31-AC10-4F56-9678-5D538932578C}
		{6A2FD1FE-67D6-4DB0-9461-F1B9F72AA824} = {E04A4D31-AC10-4F56-9678-5D538932578C}
		{F0A0C62A-5A34-4E8C-A070-C172CD69FE01} = {E04A4D31-AC10-4F56-9678-5D538932578C}
		{5C874809-E03C-43C6-85EC-47C81B21D2EE} = {E04A4D31-AC10-4F56-9678-5D538932578C}
		{CEC674FB-8263-4BA8-90CA-2504F66DCF5E} = {E04A4D31-AC10-4F56-9678-5D538932578C}
		{200A1DD4-2162-47D4-AEAA-883A58A5AF41} = {E04A4D31-AC10-4F56-9678-5D538932578C}
		{0EADACAA-D8B9-49FD-B2EA-153FFACB1FB6} = {E04A4D31-AC10-4F56-9678-5D538932578C}
		{9506F92A-CBAE-4691-A222-77292F539F83} = {E04A4D31-AC10-4F56-9678-5D538932578C}
	EndGlobalSection
	GlobalSection(ExtensibilityGlobals) = postSolution
		SolutionGuid = {F1322FF5-8DA8-4714-ABD1-B289A655E630}
	EndGlobalSection
EndGlobal
