
Microsoft Visual Studio Solution File, Format Version 12.00
# Visual Studio Version 17
VisualStudioVersion = 17.3.32929.385
MinimumVisualStudioVersion = 10.0.40219.1
Project("{9A19103F-16F7-4668-BE54-9A1E7A4F7556}") = "SonarScanner.MSBuild.Tasks", "src\SonarScanner.MSBuild.Tasks\SonarScanner.MSBuild.Tasks.csproj", "{AB14D4F9-F7B9-4CAB-A0DD-54068B236A6D}"
EndProject
Project("{2150E333-8FDC-42A3-9474-1A3956D46DE8}") = "Tests", "Tests", "{E04A4D31-AC10-4F56-9678-5D538932578C}"
EndProject
Project("{9A19103F-16F7-4668-BE54-9A1E7A4F7556}") = "TestUtilities", "Tests\TestUtilities\TestUtilities.csproj", "{2FA8E679-3BEC-4679-A543-8CADB117C9EB}"
EndProject
Project("{9A19103F-16F7-4668-BE54-9A1E7A4F7556}") = "SonarScanner.MSBuild.Tasks.UnitTest", "Tests\SonarScanner.MSBuild.Tasks.UnitTest\SonarScanner.MSBuild.Tasks.UnitTest.csproj", "{9921D017-AAFC-48E3-8F48-E45DC084CEA4}"
EndProject
Project("{9A19103F-16F7-4668-BE54-9A1E7A4F7556}") = "SonarScanner.MSBuild.Tasks.IntegrationTest", "Tests\SonarScanner.MSBuild.Tasks.IntegrationTest\SonarScanner.MSBuild.Tasks.IntegrationTest.csproj", "{943D1B4C-578E-4A4D-ADB3-F823E13FBE28}"
EndProject
Project("{9A19103F-16F7-4668-BE54-9A1E7A4F7556}") = "SonarScanner.MSBuild.Common", "src\SonarScanner.MSBuild.Common\SonarScanner.MSBuild.Common.csproj", "{E312FDBB-BC13-4559-8F21-76CA5B88EBC5}"
EndProject
Project("{9A19103F-16F7-4668-BE54-9A1E7A4F7556}") = "SonarScanner.MSBuild.Common.Test", "Tests\SonarScanner.MSBuild.Common.Test\SonarScanner.MSBuild.Common.Test.csproj", "{A74AA08B-58D3-4B52-BC40-3A4F9A997705}"
EndProject
Project("{9A19103F-16F7-4668-BE54-9A1E7A4F7556}") = "SonarScanner.MSBuild.PostProcessor", "src\SonarScanner.MSBuild.PostProcessor\SonarScanner.MSBuild.PostProcessor.csproj", "{80F02FAD-FE7E-41B6-9151-BB650FDD6103}"
EndProject
Project("{9A19103F-16F7-4668-BE54-9A1E7A4F7556}") = "SonarScanner.MSBuild.PreProcessor", "src\SonarScanner.MSBuild.PreProcessor\SonarScanner.MSBuild.PreProcessor.csproj", "{F43364BB-E460-4AC4-87E9-DE460A9F55F5}"
EndProject
Project("{9A19103F-16F7-4668-BE54-9A1E7A4F7556}") = "SonarScanner.MSBuild.PreProcessor.Test", "Tests\SonarScanner.MSBuild.PreProcessor.Test\SonarScanner.MSBuild.PreProcessor.Test.csproj", "{81E8D103-270F-4363-87D1-72BE7FC4F94A}"
EndProject
Project("{9A19103F-16F7-4668-BE54-9A1E7A4F7556}") = "SonarScanner.MSBuild.Shim", "src\SonarScanner.MSBuild.Shim\SonarScanner.MSBuild.Shim.csproj", "{C28A09BF-6025-4EA1-90D7-4D5EC0AF815D}"
EndProject
Project("{9A19103F-16F7-4668-BE54-9A1E7A4F7556}") = "SonarScanner.MSBuild.Test", "Tests\SonarScanner.MSBuild.Test\SonarScanner.MSBuild.Test.csproj", "{3410EA30-5F7A-4E0F-B5F6-8E83077A20DB}"
EndProject
Project("{9A19103F-16F7-4668-BE54-9A1E7A4F7556}") = "SonarScanner.MSBuild.PostProcessor.Test", "Tests\SonarScanner.MSBuild.PostProcessor.Test\SonarScanner.MSBuild.PostProcessor.Test.csproj", "{BF55995C-B05B-44D0-B80E-2366CC5ACCDE}"
EndProject
Project("{9A19103F-16F7-4668-BE54-9A1E7A4F7556}") = "SonarScanner.MSBuild", "src\SonarScanner.MSBuild\SonarScanner.MSBuild.csproj", "{B9F6FCA4-CD6C-4426-9835-D86160B30072}"
EndProject
Project("{9A19103F-16F7-4668-BE54-9A1E7A4F7556}") = "SonarScanner.MSBuild.Shim.Test", "Tests\SonarScanner.MSBuild.Shim.Test\SonarScanner.MSBuild.Shim.Test.csproj", "{F43FC14B-5249-46F4-9E89-F4AAFDDB27ED}"
EndProject
Project("{2150E333-8FDC-42A3-9474-1A3956D46DE8}") = "Solution Items", "Solution Items", "{950DD8E7-A950-4598-82E0-932E31075F68}"
	ProjectSection(SolutionItems) = preProject
		.editorconfig = .editorconfig
		.runsettings = .runsettings
		azure-pipelines.yml = azure-pipelines.yml
		src\Directory.Build.props = src\Directory.Build.props
		src\Directory.Build.targets = src\Directory.Build.targets
		src\DotnetVersions.props = src\DotnetVersions.props
		templates\its-jobs.yml = templates\its-jobs.yml
		NuGet.Config = NuGet.Config
		README.md = README.md
		StylingAnalyzers.targets = StylingAnalyzers.targets
		templates\unix-qa-stage.yml = templates\unix-qa-stage.yml
	EndProjectSection
EndProject
Project("{9A19103F-16F7-4668-BE54-9A1E7A4F7556}") = "LogArgs", "Tests\LogArgs\LogArgs.csproj", "{25334485-0BF1-4A3D-A1B6-E646D89D15DB}"
EndProject
Project("{D954291E-2A0B-460D-934E-DC6B0785DB48}") = "GitHub", ".github\GitHub.shproj", "{9D53BB4D-5EAF-4CC1-AFBC-3AF1E004BB8B}"
EndProject
Project("{FAE04EC0-301F-11D3-BF4B-00C04F79EFBC}") = "SonarScanner.MSBuild.TFS.Test", "Tests\SonarScanner.MSBuild.TFS.Test\SonarScanner.MSBuild.TFS.Test.csproj", "{F38DFB4D-B9FE-47A8-8F54-E0824774762F}"
EndProject
Project("{FAE04EC0-301F-11D3-BF4B-00C04F79EFBC}") = "SonarScanner.MSBuild.TFS", "src\SonarScanner.MSBuild.TFS\SonarScanner.MSBuild.TFS.csproj", "{5114A25B-9439-48B7-9B5E-124F307EBE22}"
EndProject
Project("{FAE04EC0-301F-11D3-BF4B-00C04F79EFBC}") = "SonarScanner.MSBuild.TFS.Classic", "src\SonarScanner.MSBuild.TFS.Classic\SonarScanner.MSBuild.TFS.Classic.csproj", "{1DB8ABE8-2D7C-4ED1-A6B5-3CA13563A1A7}"
EndProject
Global
	GlobalSection(SolutionConfigurationPlatforms) = preSolution
		Debug|Any CPU = Debug|Any CPU
		Debug|Mixed Platforms = Debug|Mixed Platforms
		Debug|x86 = Debug|x86
		Release|Any CPU = Release|Any CPU
		Release|Mixed Platforms = Release|Mixed Platforms
		Release|x86 = Release|x86
	EndGlobalSection
	GlobalSection(ProjectConfigurationPlatforms) = postSolution
		{AB14D4F9-F7B9-4CAB-A0DD-54068B236A6D}.Debug|Any CPU.ActiveCfg = Debug|Any CPU
		{AB14D4F9-F7B9-4CAB-A0DD-54068B236A6D}.Debug|Any CPU.Build.0 = Debug|Any CPU
		{AB14D4F9-F7B9-4CAB-A0DD-54068B236A6D}.Debug|Mixed Platforms.ActiveCfg = Debug|Any CPU
		{AB14D4F9-F7B9-4CAB-A0DD-54068B236A6D}.Debug|Mixed Platforms.Build.0 = Debug|Any CPU
		{AB14D4F9-F7B9-4CAB-A0DD-54068B236A6D}.Debug|x86.ActiveCfg = Debug|Any CPU
		{AB14D4F9-F7B9-4CAB-A0DD-54068B236A6D}.Release|Any CPU.ActiveCfg = Release|Any CPU
		{AB14D4F9-F7B9-4CAB-A0DD-54068B236A6D}.Release|Any CPU.Build.0 = Release|Any CPU
		{AB14D4F9-F7B9-4CAB-A0DD-54068B236A6D}.Release|Mixed Platforms.ActiveCfg = Release|Any CPU
		{AB14D4F9-F7B9-4CAB-A0DD-54068B236A6D}.Release|Mixed Platforms.Build.0 = Release|Any CPU
		{AB14D4F9-F7B9-4CAB-A0DD-54068B236A6D}.Release|x86.ActiveCfg = Release|Any CPU
		{2FA8E679-3BEC-4679-A543-8CADB117C9EB}.Debug|Any CPU.ActiveCfg = Debug|Any CPU
		{2FA8E679-3BEC-4679-A543-8CADB117C9EB}.Debug|Any CPU.Build.0 = Debug|Any CPU
		{2FA8E679-3BEC-4679-A543-8CADB117C9EB}.Debug|Mixed Platforms.ActiveCfg = Debug|Any CPU
		{2FA8E679-3BEC-4679-A543-8CADB117C9EB}.Debug|Mixed Platforms.Build.0 = Debug|Any CPU
		{2FA8E679-3BEC-4679-A543-8CADB117C9EB}.Debug|x86.ActiveCfg = Debug|Any CPU
		{2FA8E679-3BEC-4679-A543-8CADB117C9EB}.Release|Any CPU.ActiveCfg = Release|Any CPU
		{2FA8E679-3BEC-4679-A543-8CADB117C9EB}.Release|Any CPU.Build.0 = Release|Any CPU
		{2FA8E679-3BEC-4679-A543-8CADB117C9EB}.Release|Mixed Platforms.ActiveCfg = Release|Any CPU
		{2FA8E679-3BEC-4679-A543-8CADB117C9EB}.Release|Mixed Platforms.Build.0 = Release|Any CPU
		{2FA8E679-3BEC-4679-A543-8CADB117C9EB}.Release|x86.ActiveCfg = Release|Any CPU
		{9921D017-AAFC-48E3-8F48-E45DC084CEA4}.Debug|Any CPU.ActiveCfg = Debug|Any CPU
		{9921D017-AAFC-48E3-8F48-E45DC084CEA4}.Debug|Any CPU.Build.0 = Debug|Any CPU
		{9921D017-AAFC-48E3-8F48-E45DC084CEA4}.Debug|Mixed Platforms.ActiveCfg = Debug|Any CPU
		{9921D017-AAFC-48E3-8F48-E45DC084CEA4}.Debug|Mixed Platforms.Build.0 = Debug|Any CPU
		{9921D017-AAFC-48E3-8F48-E45DC084CEA4}.Debug|x86.ActiveCfg = Debug|Any CPU
		{9921D017-AAFC-48E3-8F48-E45DC084CEA4}.Release|Any CPU.ActiveCfg = Release|Any CPU
		{9921D017-AAFC-48E3-8F48-E45DC084CEA4}.Release|Any CPU.Build.0 = Release|Any CPU
		{9921D017-AAFC-48E3-8F48-E45DC084CEA4}.Release|Mixed Platforms.ActiveCfg = Release|Any CPU
		{9921D017-AAFC-48E3-8F48-E45DC084CEA4}.Release|Mixed Platforms.Build.0 = Release|Any CPU
		{9921D017-AAFC-48E3-8F48-E45DC084CEA4}.Release|x86.ActiveCfg = Release|Any CPU
		{943D1B4C-578E-4A4D-ADB3-F823E13FBE28}.Debug|Any CPU.ActiveCfg = Debug|Any CPU
		{943D1B4C-578E-4A4D-ADB3-F823E13FBE28}.Debug|Any CPU.Build.0 = Debug|Any CPU
		{943D1B4C-578E-4A4D-ADB3-F823E13FBE28}.Debug|Mixed Platforms.ActiveCfg = Debug|Any CPU
		{943D1B4C-578E-4A4D-ADB3-F823E13FBE28}.Debug|Mixed Platforms.Build.0 = Debug|Any CPU
		{943D1B4C-578E-4A4D-ADB3-F823E13FBE28}.Debug|x86.ActiveCfg = Debug|Any CPU
		{943D1B4C-578E-4A4D-ADB3-F823E13FBE28}.Release|Any CPU.ActiveCfg = Release|Any CPU
		{943D1B4C-578E-4A4D-ADB3-F823E13FBE28}.Release|Any CPU.Build.0 = Release|Any CPU
		{943D1B4C-578E-4A4D-ADB3-F823E13FBE28}.Release|Mixed Platforms.ActiveCfg = Release|Any CPU
		{943D1B4C-578E-4A4D-ADB3-F823E13FBE28}.Release|Mixed Platforms.Build.0 = Release|Any CPU
		{943D1B4C-578E-4A4D-ADB3-F823E13FBE28}.Release|x86.ActiveCfg = Release|Any CPU
		{E312FDBB-BC13-4559-8F21-76CA5B88EBC5}.Debug|Any CPU.ActiveCfg = Debug|Any CPU
		{E312FDBB-BC13-4559-8F21-76CA5B88EBC5}.Debug|Any CPU.Build.0 = Debug|Any CPU
		{E312FDBB-BC13-4559-8F21-76CA5B88EBC5}.Debug|Mixed Platforms.ActiveCfg = Debug|Any CPU
		{E312FDBB-BC13-4559-8F21-76CA5B88EBC5}.Debug|Mixed Platforms.Build.0 = Debug|Any CPU
		{E312FDBB-BC13-4559-8F21-76CA5B88EBC5}.Debug|x86.ActiveCfg = Debug|Any CPU
		{E312FDBB-BC13-4559-8F21-76CA5B88EBC5}.Release|Any CPU.ActiveCfg = Release|Any CPU
		{E312FDBB-BC13-4559-8F21-76CA5B88EBC5}.Release|Any CPU.Build.0 = Release|Any CPU
		{E312FDBB-BC13-4559-8F21-76CA5B88EBC5}.Release|Mixed Platforms.ActiveCfg = Release|Any CPU
		{E312FDBB-BC13-4559-8F21-76CA5B88EBC5}.Release|Mixed Platforms.Build.0 = Release|Any CPU
		{E312FDBB-BC13-4559-8F21-76CA5B88EBC5}.Release|x86.ActiveCfg = Release|Any CPU
		{A74AA08B-58D3-4B52-BC40-3A4F9A997705}.Debug|Any CPU.ActiveCfg = Debug|Any CPU
		{A74AA08B-58D3-4B52-BC40-3A4F9A997705}.Debug|Any CPU.Build.0 = Debug|Any CPU
		{A74AA08B-58D3-4B52-BC40-3A4F9A997705}.Debug|Mixed Platforms.ActiveCfg = Debug|Any CPU
		{A74AA08B-58D3-4B52-BC40-3A4F9A997705}.Debug|Mixed Platforms.Build.0 = Debug|Any CPU
		{A74AA08B-58D3-4B52-BC40-3A4F9A997705}.Debug|x86.ActiveCfg = Debug|Any CPU
		{A74AA08B-58D3-4B52-BC40-3A4F9A997705}.Release|Any CPU.ActiveCfg = Release|Any CPU
		{A74AA08B-58D3-4B52-BC40-3A4F9A997705}.Release|Any CPU.Build.0 = Release|Any CPU
		{A74AA08B-58D3-4B52-BC40-3A4F9A997705}.Release|Mixed Platforms.ActiveCfg = Release|Any CPU
		{A74AA08B-58D3-4B52-BC40-3A4F9A997705}.Release|Mixed Platforms.Build.0 = Release|Any CPU
		{A74AA08B-58D3-4B52-BC40-3A4F9A997705}.Release|x86.ActiveCfg = Release|Any CPU
		{80F02FAD-FE7E-41B6-9151-BB650FDD6103}.Debug|Any CPU.ActiveCfg = Debug|Any CPU
		{80F02FAD-FE7E-41B6-9151-BB650FDD6103}.Debug|Any CPU.Build.0 = Debug|Any CPU
		{80F02FAD-FE7E-41B6-9151-BB650FDD6103}.Debug|Mixed Platforms.ActiveCfg = Debug|Any CPU
		{80F02FAD-FE7E-41B6-9151-BB650FDD6103}.Debug|Mixed Platforms.Build.0 = Debug|Any CPU
		{80F02FAD-FE7E-41B6-9151-BB650FDD6103}.Debug|x86.ActiveCfg = Debug|Any CPU
		{80F02FAD-FE7E-41B6-9151-BB650FDD6103}.Release|Any CPU.ActiveCfg = Release|Any CPU
		{80F02FAD-FE7E-41B6-9151-BB650FDD6103}.Release|Any CPU.Build.0 = Release|Any CPU
		{80F02FAD-FE7E-41B6-9151-BB650FDD6103}.Release|Mixed Platforms.ActiveCfg = Release|Any CPU
		{80F02FAD-FE7E-41B6-9151-BB650FDD6103}.Release|Mixed Platforms.Build.0 = Release|Any CPU
		{80F02FAD-FE7E-41B6-9151-BB650FDD6103}.Release|x86.ActiveCfg = Release|Any CPU
		{F43364BB-E460-4AC4-87E9-DE460A9F55F5}.Debug|Any CPU.ActiveCfg = Debug|Any CPU
		{F43364BB-E460-4AC4-87E9-DE460A9F55F5}.Debug|Any CPU.Build.0 = Debug|Any CPU
		{F43364BB-E460-4AC4-87E9-DE460A9F55F5}.Debug|Mixed Platforms.ActiveCfg = Debug|Any CPU
		{F43364BB-E460-4AC4-87E9-DE460A9F55F5}.Debug|Mixed Platforms.Build.0 = Debug|Any CPU
		{F43364BB-E460-4AC4-87E9-DE460A9F55F5}.Debug|x86.ActiveCfg = Debug|Any CPU
		{F43364BB-E460-4AC4-87E9-DE460A9F55F5}.Release|Any CPU.ActiveCfg = Release|Any CPU
		{F43364BB-E460-4AC4-87E9-DE460A9F55F5}.Release|Any CPU.Build.0 = Release|Any CPU
		{F43364BB-E460-4AC4-87E9-DE460A9F55F5}.Release|Mixed Platforms.ActiveCfg = Release|Any CPU
		{F43364BB-E460-4AC4-87E9-DE460A9F55F5}.Release|Mixed Platforms.Build.0 = Release|Any CPU
		{F43364BB-E460-4AC4-87E9-DE460A9F55F5}.Release|x86.ActiveCfg = Release|Any CPU
		{81E8D103-270F-4363-87D1-72BE7FC4F94A}.Debug|Any CPU.ActiveCfg = Debug|Any CPU
		{81E8D103-270F-4363-87D1-72BE7FC4F94A}.Debug|Any CPU.Build.0 = Debug|Any CPU
		{81E8D103-270F-4363-87D1-72BE7FC4F94A}.Debug|Mixed Platforms.ActiveCfg = Debug|Any CPU
		{81E8D103-270F-4363-87D1-72BE7FC4F94A}.Debug|Mixed Platforms.Build.0 = Debug|Any CPU
		{81E8D103-270F-4363-87D1-72BE7FC4F94A}.Debug|x86.ActiveCfg = Debug|Any CPU
		{81E8D103-270F-4363-87D1-72BE7FC4F94A}.Release|Any CPU.ActiveCfg = Release|Any CPU
		{81E8D103-270F-4363-87D1-72BE7FC4F94A}.Release|Any CPU.Build.0 = Release|Any CPU
		{81E8D103-270F-4363-87D1-72BE7FC4F94A}.Release|Mixed Platforms.ActiveCfg = Release|Any CPU
		{81E8D103-270F-4363-87D1-72BE7FC4F94A}.Release|Mixed Platforms.Build.0 = Release|Any CPU
		{81E8D103-270F-4363-87D1-72BE7FC4F94A}.Release|x86.ActiveCfg = Release|Any CPU
		{C28A09BF-6025-4EA1-90D7-4D5EC0AF815D}.Debug|Any CPU.ActiveCfg = Debug|Any CPU
		{C28A09BF-6025-4EA1-90D7-4D5EC0AF815D}.Debug|Any CPU.Build.0 = Debug|Any CPU
		{C28A09BF-6025-4EA1-90D7-4D5EC0AF815D}.Debug|Mixed Platforms.ActiveCfg = Debug|Any CPU
		{C28A09BF-6025-4EA1-90D7-4D5EC0AF815D}.Debug|Mixed Platforms.Build.0 = Debug|Any CPU
		{C28A09BF-6025-4EA1-90D7-4D5EC0AF815D}.Debug|x86.ActiveCfg = Debug|Any CPU
		{C28A09BF-6025-4EA1-90D7-4D5EC0AF815D}.Release|Any CPU.ActiveCfg = Release|Any CPU
		{C28A09BF-6025-4EA1-90D7-4D5EC0AF815D}.Release|Any CPU.Build.0 = Release|Any CPU
		{C28A09BF-6025-4EA1-90D7-4D5EC0AF815D}.Release|Mixed Platforms.ActiveCfg = Release|Any CPU
		{C28A09BF-6025-4EA1-90D7-4D5EC0AF815D}.Release|Mixed Platforms.Build.0 = Release|Any CPU
		{C28A09BF-6025-4EA1-90D7-4D5EC0AF815D}.Release|x86.ActiveCfg = Release|Any CPU
		{3410EA30-5F7A-4E0F-B5F6-8E83077A20DB}.Debug|Any CPU.ActiveCfg = Debug|Any CPU
		{3410EA30-5F7A-4E0F-B5F6-8E83077A20DB}.Debug|Any CPU.Build.0 = Debug|Any CPU
		{3410EA30-5F7A-4E0F-B5F6-8E83077A20DB}.Debug|Mixed Platforms.ActiveCfg = Debug|Any CPU
		{3410EA30-5F7A-4E0F-B5F6-8E83077A20DB}.Debug|Mixed Platforms.Build.0 = Debug|Any CPU
		{3410EA30-5F7A-4E0F-B5F6-8E83077A20DB}.Debug|x86.ActiveCfg = Debug|Any CPU
		{3410EA30-5F7A-4E0F-B5F6-8E83077A20DB}.Release|Any CPU.ActiveCfg = Release|Any CPU
		{3410EA30-5F7A-4E0F-B5F6-8E83077A20DB}.Release|Any CPU.Build.0 = Release|Any CPU
		{3410EA30-5F7A-4E0F-B5F6-8E83077A20DB}.Release|Mixed Platforms.ActiveCfg = Release|Any CPU
		{3410EA30-5F7A-4E0F-B5F6-8E83077A20DB}.Release|Mixed Platforms.Build.0 = Release|Any CPU
		{3410EA30-5F7A-4E0F-B5F6-8E83077A20DB}.Release|x86.ActiveCfg = Release|Any CPU
		{BF55995C-B05B-44D0-B80E-2366CC5ACCDE}.Debug|Any CPU.ActiveCfg = Debug|Any CPU
		{BF55995C-B05B-44D0-B80E-2366CC5ACCDE}.Debug|Any CPU.Build.0 = Debug|Any CPU
		{BF55995C-B05B-44D0-B80E-2366CC5ACCDE}.Debug|Mixed Platforms.ActiveCfg = Debug|Any CPU
		{BF55995C-B05B-44D0-B80E-2366CC5ACCDE}.Debug|Mixed Platforms.Build.0 = Debug|Any CPU
		{BF55995C-B05B-44D0-B80E-2366CC5ACCDE}.Debug|x86.ActiveCfg = Debug|Any CPU
		{BF55995C-B05B-44D0-B80E-2366CC5ACCDE}.Debug|x86.Build.0 = Debug|Any CPU
		{BF55995C-B05B-44D0-B80E-2366CC5ACCDE}.Release|Any CPU.ActiveCfg = Release|Any CPU
		{BF55995C-B05B-44D0-B80E-2366CC5ACCDE}.Release|Any CPU.Build.0 = Release|Any CPU
		{BF55995C-B05B-44D0-B80E-2366CC5ACCDE}.Release|Mixed Platforms.ActiveCfg = Release|Any CPU
		{BF55995C-B05B-44D0-B80E-2366CC5ACCDE}.Release|Mixed Platforms.Build.0 = Release|Any CPU
		{BF55995C-B05B-44D0-B80E-2366CC5ACCDE}.Release|x86.ActiveCfg = Release|Any CPU
		{BF55995C-B05B-44D0-B80E-2366CC5ACCDE}.Release|x86.Build.0 = Release|Any CPU
		{B9F6FCA4-CD6C-4426-9835-D86160B30072}.Debug|Any CPU.ActiveCfg = Debug|Any CPU
		{B9F6FCA4-CD6C-4426-9835-D86160B30072}.Debug|Any CPU.Build.0 = Debug|Any CPU
		{B9F6FCA4-CD6C-4426-9835-D86160B30072}.Debug|Mixed Platforms.ActiveCfg = Debug|Any CPU
		{B9F6FCA4-CD6C-4426-9835-D86160B30072}.Debug|Mixed Platforms.Build.0 = Debug|Any CPU
		{B9F6FCA4-CD6C-4426-9835-D86160B30072}.Debug|x86.ActiveCfg = Debug|Any CPU
		{B9F6FCA4-CD6C-4426-9835-D86160B30072}.Debug|x86.Build.0 = Debug|Any CPU
		{B9F6FCA4-CD6C-4426-9835-D86160B30072}.Release|Any CPU.ActiveCfg = Release|Any CPU
		{B9F6FCA4-CD6C-4426-9835-D86160B30072}.Release|Any CPU.Build.0 = Release|Any CPU
		{B9F6FCA4-CD6C-4426-9835-D86160B30072}.Release|Mixed Platforms.ActiveCfg = Release|Any CPU
		{B9F6FCA4-CD6C-4426-9835-D86160B30072}.Release|Mixed Platforms.Build.0 = Release|Any CPU
		{B9F6FCA4-CD6C-4426-9835-D86160B30072}.Release|x86.ActiveCfg = Release|Any CPU
		{B9F6FCA4-CD6C-4426-9835-D86160B30072}.Release|x86.Build.0 = Release|Any CPU
		{F43FC14B-5249-46F4-9E89-F4AAFDDB27ED}.Debug|Any CPU.ActiveCfg = Debug|Any CPU
		{F43FC14B-5249-46F4-9E89-F4AAFDDB27ED}.Debug|Any CPU.Build.0 = Debug|Any CPU
		{F43FC14B-5249-46F4-9E89-F4AAFDDB27ED}.Debug|Mixed Platforms.ActiveCfg = Debug|Any CPU
		{F43FC14B-5249-46F4-9E89-F4AAFDDB27ED}.Debug|Mixed Platforms.Build.0 = Debug|Any CPU
		{F43FC14B-5249-46F4-9E89-F4AAFDDB27ED}.Debug|x86.ActiveCfg = Debug|Any CPU
		{F43FC14B-5249-46F4-9E89-F4AAFDDB27ED}.Debug|x86.Build.0 = Debug|Any CPU
		{F43FC14B-5249-46F4-9E89-F4AAFDDB27ED}.Release|Any CPU.ActiveCfg = Release|Any CPU
		{F43FC14B-5249-46F4-9E89-F4AAFDDB27ED}.Release|Any CPU.Build.0 = Release|Any CPU
		{F43FC14B-5249-46F4-9E89-F4AAFDDB27ED}.Release|Mixed Platforms.ActiveCfg = Release|Any CPU
		{F43FC14B-5249-46F4-9E89-F4AAFDDB27ED}.Release|Mixed Platforms.Build.0 = Release|Any CPU
		{F43FC14B-5249-46F4-9E89-F4AAFDDB27ED}.Release|x86.ActiveCfg = Release|Any CPU
		{F43FC14B-5249-46F4-9E89-F4AAFDDB27ED}.Release|x86.Build.0 = Release|Any CPU
		{25334485-0BF1-4A3D-A1B6-E646D89D15DB}.Debug|Any CPU.ActiveCfg = Debug|Any CPU
		{25334485-0BF1-4A3D-A1B6-E646D89D15DB}.Debug|Any CPU.Build.0 = Debug|Any CPU
		{25334485-0BF1-4A3D-A1B6-E646D89D15DB}.Debug|Mixed Platforms.ActiveCfg = Debug|Any CPU
		{25334485-0BF1-4A3D-A1B6-E646D89D15DB}.Debug|Mixed Platforms.Build.0 = Debug|Any CPU
		{25334485-0BF1-4A3D-A1B6-E646D89D15DB}.Debug|x86.ActiveCfg = Debug|Any CPU
		{25334485-0BF1-4A3D-A1B6-E646D89D15DB}.Debug|x86.Build.0 = Debug|Any CPU
		{25334485-0BF1-4A3D-A1B6-E646D89D15DB}.Release|Any CPU.ActiveCfg = Release|Any CPU
		{25334485-0BF1-4A3D-A1B6-E646D89D15DB}.Release|Any CPU.Build.0 = Release|Any CPU
		{25334485-0BF1-4A3D-A1B6-E646D89D15DB}.Release|Mixed Platforms.ActiveCfg = Release|Any CPU
		{25334485-0BF1-4A3D-A1B6-E646D89D15DB}.Release|Mixed Platforms.Build.0 = Release|Any CPU
		{25334485-0BF1-4A3D-A1B6-E646D89D15DB}.Release|x86.ActiveCfg = Release|Any CPU
		{25334485-0BF1-4A3D-A1B6-E646D89D15DB}.Release|x86.Build.0 = Release|Any CPU
		{F38DFB4D-B9FE-47A8-8F54-E0824774762F}.Debug|Any CPU.ActiveCfg = Debug|Any CPU
		{F38DFB4D-B9FE-47A8-8F54-E0824774762F}.Debug|Any CPU.Build.0 = Debug|Any CPU
		{F38DFB4D-B9FE-47A8-8F54-E0824774762F}.Debug|Mixed Platforms.ActiveCfg = Debug|Any CPU
		{F38DFB4D-B9FE-47A8-8F54-E0824774762F}.Debug|Mixed Platforms.Build.0 = Debug|Any CPU
		{F38DFB4D-B9FE-47A8-8F54-E0824774762F}.Debug|x86.ActiveCfg = Debug|Any CPU
		{F38DFB4D-B9FE-47A8-8F54-E0824774762F}.Debug|x86.Build.0 = Debug|Any CPU
		{F38DFB4D-B9FE-47A8-8F54-E0824774762F}.Release|Any CPU.ActiveCfg = Release|Any CPU
		{F38DFB4D-B9FE-47A8-8F54-E0824774762F}.Release|Any CPU.Build.0 = Release|Any CPU
		{F38DFB4D-B9FE-47A8-8F54-E0824774762F}.Release|Mixed Platforms.ActiveCfg = Release|Any CPU
		{F38DFB4D-B9FE-47A8-8F54-E0824774762F}.Release|Mixed Platforms.Build.0 = Release|Any CPU
		{F38DFB4D-B9FE-47A8-8F54-E0824774762F}.Release|x86.ActiveCfg = Release|Any CPU
		{F38DFB4D-B9FE-47A8-8F54-E0824774762F}.Release|x86.Build.0 = Release|Any CPU
		{5114A25B-9439-48B7-9B5E-124F307EBE22}.Debug|Any CPU.ActiveCfg = Debug|Any CPU
		{5114A25B-9439-48B7-9B5E-124F307EBE22}.Debug|Any CPU.Build.0 = Debug|Any CPU
		{5114A25B-9439-48B7-9B5E-124F307EBE22}.Debug|Mixed Platforms.ActiveCfg = Debug|Any CPU
		{5114A25B-9439-48B7-9B5E-124F307EBE22}.Debug|Mixed Platforms.Build.0 = Debug|Any CPU
		{5114A25B-9439-48B7-9B5E-124F307EBE22}.Debug|x86.ActiveCfg = Debug|Any CPU
		{5114A25B-9439-48B7-9B5E-124F307EBE22}.Debug|x86.Build.0 = Debug|Any CPU
		{5114A25B-9439-48B7-9B5E-124F307EBE22}.Release|Any CPU.ActiveCfg = Release|Any CPU
		{5114A25B-9439-48B7-9B5E-124F307EBE22}.Release|Any CPU.Build.0 = Release|Any CPU
		{5114A25B-9439-48B7-9B5E-124F307EBE22}.Release|Mixed Platforms.ActiveCfg = Release|Any CPU
		{5114A25B-9439-48B7-9B5E-124F307EBE22}.Release|Mixed Platforms.Build.0 = Release|Any CPU
		{5114A25B-9439-48B7-9B5E-124F307EBE22}.Release|x86.ActiveCfg = Release|Any CPU
		{5114A25B-9439-48B7-9B5E-124F307EBE22}.Release|x86.Build.0 = Release|Any CPU
		{1DB8ABE8-2D7C-4ED1-A6B5-3CA13563A1A7}.Debug|Any CPU.ActiveCfg = Debug|Any CPU
		{1DB8ABE8-2D7C-4ED1-A6B5-3CA13563A1A7}.Debug|Any CPU.Build.0 = Debug|Any CPU
		{1DB8ABE8-2D7C-4ED1-A6B5-3CA13563A1A7}.Debug|Mixed Platforms.ActiveCfg = Debug|Any CPU
		{1DB8ABE8-2D7C-4ED1-A6B5-3CA13563A1A7}.Debug|Mixed Platforms.Build.0 = Debug|Any CPU
		{1DB8ABE8-2D7C-4ED1-A6B5-3CA13563A1A7}.Debug|x86.ActiveCfg = Debug|Any CPU
		{1DB8ABE8-2D7C-4ED1-A6B5-3CA13563A1A7}.Debug|x86.Build.0 = Debug|Any CPU
		{1DB8ABE8-2D7C-4ED1-A6B5-3CA13563A1A7}.Release|Any CPU.ActiveCfg = Release|Any CPU
		{1DB8ABE8-2D7C-4ED1-A6B5-3CA13563A1A7}.Release|Any CPU.Build.0 = Release|Any CPU
		{1DB8ABE8-2D7C-4ED1-A6B5-3CA13563A1A7}.Release|Mixed Platforms.ActiveCfg = Release|Any CPU
		{1DB8ABE8-2D7C-4ED1-A6B5-3CA13563A1A7}.Release|Mixed Platforms.Build.0 = Release|Any CPU
		{1DB8ABE8-2D7C-4ED1-A6B5-3CA13563A1A7}.Release|x86.ActiveCfg = Release|Any CPU
		{1DB8ABE8-2D7C-4ED1-A6B5-3CA13563A1A7}.Release|x86.Build.0 = Release|Any CPU
	EndGlobalSection
	GlobalSection(SolutionProperties) = preSolution
		HideSolutionNode = FALSE
	EndGlobalSection
	GlobalSection(NestedProjects) = preSolution
		{2FA8E679-3BEC-4679-A543-8CADB117C9EB} = {E04A4D31-AC10-4F56-9678-5D538932578C}
		{9921D017-AAFC-48E3-8F48-E45DC084CEA4} = {E04A4D31-AC10-4F56-9678-5D538932578C}
		{943D1B4C-578E-4A4D-ADB3-F823E13FBE28} = {E04A4D31-AC10-4F56-9678-5D538932578C}
		{A74AA08B-58D3-4B52-BC40-3A4F9A997705} = {E04A4D31-AC10-4F56-9678-5D538932578C}
		{81E8D103-270F-4363-87D1-72BE7FC4F94A} = {E04A4D31-AC10-4F56-9678-5D538932578C}
		{3410EA30-5F7A-4E0F-B5F6-8E83077A20DB} = {E04A4D31-AC10-4F56-9678-5D538932578C}
		{BF55995C-B05B-44D0-B80E-2366CC5ACCDE} = {E04A4D31-AC10-4F56-9678-5D538932578C}
		{F43FC14B-5249-46F4-9E89-F4AAFDDB27ED} = {E04A4D31-AC10-4F56-9678-5D538932578C}
		{25334485-0BF1-4A3D-A1B6-E646D89D15DB} = {E04A4D31-AC10-4F56-9678-5D538932578C}
		{9D53BB4D-5EAF-4CC1-AFBC-3AF1E004BB8B} = {950DD8E7-A950-4598-82E0-932E31075F68}
		{F38DFB4D-B9FE-47A8-8F54-E0824774762F} = {E04A4D31-AC10-4F56-9678-5D538932578C}
	EndGlobalSection
	GlobalSection(ExtensibilityGlobals) = postSolution
		SolutionGuid = {F1322FF5-8DA8-4714-ABD1-B289A655E630}
	EndGlobalSection
EndGlobal
