
Microsoft Visual Studio Solution File, Format Version 12.00
Project("{FAE04EC0-301F-11D3-BF4B-00C04F79EFBC}") = "CodeCoverage", "CodeCoverage\CodeCoverage.csproj", "{00D02EC2-B907-4313-A39E-37B1B9FB381B}"
EndProject
Project("{FAE04EC0-301F-11D3-BF4B-00C04F79EFBC}") = "CodeCoverage.Test", "CodeCoverage.Test\CodeCoverage.Test.csproj", "{71BE0954-182D-43AF-8D9D-7EC35CB3CA1A}"
EndProject
Global
	GlobalSection(SolutionConfigurationPlatforms) = preSolution
		Debug|Any CPU = Debug|Any CPU
		Release|Any CPU = Release|Any CPU
	EndGlobalSection
	GlobalSection(ProjectConfigurationPlatforms) = postSolution
		{00D02EC2-B907-4313-A39E-37B1B9FB381B}.Debug|Any CPU.ActiveCfg = Debug|Any CPU
		{00D02EC2-B907-4313-A39E-37B1B9FB381B}.Debug|Any CPU.Build.0 = Debug|Any CPU
		{00D02EC2-B907-4313-A39E-37B1B9FB381B}.Release|Any CPU.ActiveCfg = Release|Any CPU
		{00D02EC2-B907-4313-A39E-37B1B9FB381B}.Release|Any CPU.Build.0 = Release|Any CPU
		{71BE0954-182D-43AF-8D9D-7EC35CB3CA1A}.Debug|Any CPU.ActiveCfg = Debug|Any CPU
		{71BE0954-182D-43AF-8D9D-7EC35CB3CA1A}.Debug|Any CPU.Build.0 = Debug|Any CPU
		{71BE0954-182D-43AF-8D9D-7EC35CB3CA1A}.Release|Any CPU.ActiveCfg = Release|Any CPU
		{71BE0954-182D-43AF-8D9D-7EC35CB3CA1A}.Release|Any CPU.Build.0 = Release|Any CPU
	EndGlobalSection
EndGlobal
