
Microsoft Visual Studio Solution File, Format Version 12.00
# Visual Studio Version 17
VisualStudioVersion = 17.2.32526.322
MinimumVisualStudioVersion = 10.0.40219.1
Project("{9A19103F-16F7-4668-BE54-9A1E7A4F7556}") = "LongPathProject", "LongPathProject_FooFooFooFooFooFooFooFooFooFooFooFooFooFo.csproj", "{30438BE3-60CB-488B-9B6A-C7668435FAEF}"
EndProject
Global
	GlobalSection(SolutionConfigurationPlatforms) = preSolution
		Debug|Any CPU = Debug|Any CPU
		Release|Any CPU = Release|Any CPU
	EndGlobalSection
	GlobalSection(ProjectConfigurationPlatforms) = postSolution
		{30438BE3-60CB-488B-9B6A-C7668435FAEF}.Debug|Any CPU.ActiveCfg = Debug|Any CPU
		{30438BE3-60CB-488B-9B6A-C7668435FAEF}.Debug|Any CPU.Build.0 = Debug|Any CPU
		{30438BE3-60CB-488B-9B6A-C7668435FAEF}.Release|Any CPU.ActiveCfg = Release|Any CPU
		{30438BE3-60CB-488B-9B6A-C7668435FAEF}.Release|Any CPU.Build.0 = Release|Any CPU
	EndGlobalSection
	GlobalSection(SolutionProperties) = preSolution
		HideSolutionNode = FALSE
	EndGlobalSection
	GlobalSection(ExtensibilityGlobals) = postSolution
		SolutionGuid = {6A822647-5674-4CD8-9762-AD7C6F531EA9}
	EndGlobalSection
EndGlobal
