
Microsoft Visual Studio Solution File, Format Version 12.00
# Visual Studio Version 17
VisualStudioVersion = 17.7.34031.279
MinimumVisualStudioVersion = 10.0.40219.1
Project("{9A19103F-16F7-4668-BE54-9A1E7A4F7556}") = "Main", "Main\Main.csproj", "{30024C57-CF88-4890-AD9F-7C2A640F670A}"
EndProject
Project("{9A19103F-16F7-4668-BE54-9A1E7A4F7556}") = "UTs", "UTs\UTs.csproj", "{3E56B4AA-38B0-4255-B2A2-83334132DB21}"
EndProject
Global
	GlobalSection(SolutionConfigurationPlatforms) = preSolution
		Debug|Any CPU = Debug|Any CPU
		Release|Any CPU = Release|Any CPU
	EndGlobalSection
	GlobalSection(ProjectConfigurationPlatforms) = postSolution
		{30024C57-CF88-4890-AD9F-7C2A640F670A}.Debug|Any CPU.ActiveCfg = Debug|Any CPU
		{30024C57-CF88-4890-AD9F-7C2A640F670A}.Debug|Any CPU.Build.0 = Debug|Any CPU
		{30024C57-CF88-4890-AD9F-7C2A640F670A}.Release|Any CPU.ActiveCfg = Release|Any CPU
		{30024C57-CF88-4890-AD9F-7C2A640F670A}.Release|Any CPU.Build.0 = Release|Any CPU
		{3E56B4AA-38B0-4255-B2A2-83334132DB21}.Debug|Any CPU.ActiveCfg = Debug|Any CPU
		{3E56B4AA-38B0-4255-B2A2-83334132DB21}.Debug|Any CPU.Build.0 = Debug|Any CPU
		{3E56B4AA-38B0-4255-B2A2-83334132DB21}.Release|Any CPU.ActiveCfg = Release|Any CPU
		{3E56B4AA-38B0-4255-B2A2-83334132DB21}.Release|Any CPU.Build.0 = Release|Any CPU
	EndGlobalSection
	GlobalSection(SolutionProperties) = preSolution
		HideSolutionNode = FALSE
	EndGlobalSection
	GlobalSection(ExtensibilityGlobals) = postSolution
		SolutionGuid = {520789E0-F9D1-4836-9674-59D399848716}
	EndGlobalSection
EndGlobal
