{
  "version": 1,
  "dependencies": {
    ".NETFramework,Version=v4.8": {
      "Moq": {
        "type": "Direct",
        "requested": "[4.16.1, )",
        "resolved": "4.16.1",
        "contentHash": "bw3R9q8cVNhWXNpnvWb0OGP4HadS4zvClq+T1zf7AF+tLY1haZ2AvbHidQekf4PDv1T40c6brZeT/V0IBq7cEQ==",
        "dependencies": {
          "Castle.Core": "4.4.0",
          "System.Threading.Tasks.Extensions": "4.5.4"
        }
      },
      "Castle.Core": {
        "type": "Transitive",
        "resolved": "4.4.0",
        "contentHash": "b5rRL5zeaau1y/5hIbI+6mGw3cwun16YjkHZnV9RRT5UyUIFsgLmNXJ0YnIN9p8Hw7K7AbG1q1UclQVU3DinAQ=="
      },
      "System.Runtime.CompilerServices.Unsafe": {
        "type": "Transitive",
        "resolved": "4.5.3",
        "contentHash": "3TIsJhD1EiiT0w2CcDMN/iSSwnNnsrnbzeVHSKkaEgV85txMprmuO+Yq2AdSbeVGcg28pdNDTPK87tJhX7VFHw=="
      },
      "System.Threading.Tasks.Extensions": {
        "type": "Transitive",
        "resolved": "4.5.4",
        "contentHash": "zteT+G8xuGu6mS+mzDzYXbzS7rd3K6Fjb9RiZlYlJPam2/hU7JCBZBVEcywNuR+oZ1ncTvc/cq0faRr3P01OVg==",
        "dependencies": {
          "System.Runtime.CompilerServices.Unsafe": "4.5.3"
        }
      }
    }
  }
}