
Microsoft Visual Studio Solution File, Format Version 12.00
# Visual Studio Version 17
VisualStudioVersion = 17.4.33015.44
MinimumVisualStudioVersion = 10.0.40219.1
Project("{FAE04EC0-301F-11D3-BF4B-00C04F79EFBC}") = "NET7Sample", "NET7Sample\NET7Sample.csproj", "{834849FD-0F68-4EC4-9A7F-3A0F5FA6A7B0}"
EndProject
Global
	GlobalSection(SolutionConfigurationPlatforms) = preSolution
		Debug|Any CPU = Debug|Any CPU
		Release|Any CPU = Release|Any CPU
	EndGlobalSection
	GlobalSection(ProjectConfigurationPlatforms) = postSolution
		{834849FD-0F68-4EC4-9A7F-3A0F5FA6A7B0}.Debug|Any CPU.ActiveCfg = Debug|Any CPU
		{834849FD-0F68-4EC4-9A7F-3A0F5FA6A7B0}.Debug|Any CPU.Build.0 = Debug|Any CPU
		{834849FD-0F68-4EC4-9A7F-3A0F5FA6A7B0}.Release|Any CPU.ActiveCfg = Release|Any CPU
		{834849FD-0F68-4EC4-9A7F-3A0F5FA6A7B0}.Release|Any CPU.Build.0 = Release|Any CPU
	EndGlobalSection
	GlobalSection(SolutionProperties) = preSolution
		HideSolutionNode = FALSE
	EndGlobalSection
	GlobalSection(ExtensibilityGlobals) = postSolution
		SolutionGuid = {C3430B8D-C365-401A-89F2-4DBFD785B28F}
	EndGlobalSection
EndGlobal
