
Microsoft Visual Studio Solution File, Format Version 12.00
# Visual Studio Version 17
VisualStudioVersion = 17.13.35919.96 d17.13
MinimumVisualStudioVersion = 10.0.40219.1
Project("{FAE04EC0-301F-11D3-BF4B-00C04F79EFBC}") = "ExternalIssues.CS", "ExternalIssues.CS\ExternalIssues.CS.NET9.csproj", "{84920A2E-8F94-45A8-B87F-464A76ABC066}"
EndProject
Global
	GlobalSection(SolutionConfigurationPlatforms) = preSolution
		Debug|Any CPU = Debug|Any CPU
		Release|Any CPU = Release|Any CPU
	EndGlobalSection
	GlobalSection(ProjectConfigurationPlatforms) = postSolution
		{84920A2E-8F94-45A8-B87F-464A76ABC066}.Debug|Any CPU.ActiveCfg = Debug|Any CPU
		{84920A2E-8F94-45A8-B87F-464A76ABC066}.Debug|Any CPU.Build.0 = Debug|Any CPU
		{84920A2E-8F94-45A8-B87F-464A76ABC066}.Release|Any CPU.ActiveCfg = Release|Any CPU
		{84920A2E-8F94-45A8-B87F-464A76ABC066}.Release|Any CPU.Build.0 = Release|Any CPU
	EndGlobalSection
	GlobalSection(SolutionProperties) = preSolution
		HideSolutionNode = FALSE
	EndGlobalSection
	GlobalSection(ExtensibilityGlobals) = postSolution
		SolutionGuid = {6E8E8520-60DF-42A7-A62F-1EB7DFA4F836}
	EndGlobalSection
EndGlobal
