
Microsoft Visual Studio Solution File, Format Version 12.00
# Visual Studio 15
VisualStudioVersion = 15.0.28010.2036
MinimumVisualStudioVersion = 10.0.40219.1
Project("{FAE04EC0-301F-11D3-BF4B-00C04F79EFBC}") = "MultiLanguageSupport", "MultiLanguageSupport\MultiLanguageSupport.csproj", "{84C8D344-5F04-47CC-AA6A-F95C37757152}"
EndProject
Global
	GlobalSection(SolutionConfigurationPlatforms) = preSolution
		Debug|Any CPU = Debug|Any CPU
		Release|Any CPU = Release|Any CPU
	EndGlobalSection
	GlobalSection(ProjectConfigurationPlatforms) = postSolution
		{84C8D344-5F04-47CC-AA6A-F95C37757152}.Debug|Any CPU.ActiveCfg = Debug|Any CPU
		{84C8D344-5F04-47CC-AA6A-F95C37757152}.Debug|Any CPU.Build.0 = Debug|Any CPU
		{84C8D344-5F04-47CC-AA6A-F95C37757152}.Release|Any CPU.ActiveCfg = Release|Any CPU
		{84C8D344-5F04-47CC-AA6A-F95C37757152}.Release|Any CPU.Build.0 = Release|Any CPU
	EndGlobalSection
	GlobalSection(SolutionProperties) = preSolution
		HideSolutionNode = FALSE
	EndGlobalSection
	GlobalSection(ExtensibilityGlobals) = postSolution
		SolutionGuid = {DDED1DBC-EB05-476A-ABE0-88F153AABE32}
	EndGlobalSection
EndGlobal
