{
  "version": 1,
  "dependencies": {
    ".NETFramework,Version=v4.8": {
      "MSTest.TestFramework": {
        "type": "Direct",
        "requested": "[3.0.2, )",
        "resolved": "3.0.2",
        "contentHash": "cuCE5PXK0mX0FIfY3yzDNKFqCf2FTxZhdH/Bxg4662MAWZg4TnG3rYsFzNpPECrvn8Ry6lG8TaT2Ltg1NZkC6Q=="
      },
      "normal": {
        "type": "Project"
      }
    }
  }
}