
Microsoft Visual Studio Solution File, Format Version 12.00
# Visual Studio Version 17
VisualStudioVersion = 17.9.34728.123
MinimumVisualStudioVersion = 10.0.40219.1
Project("{9A19103F-16F7-4668-BE54-9A1E7A4F7556}") = "JreProvisioning", "JreProvisioning\JreProvisioning.csproj", "{F23C1D62-EF53-4FD3-8C83-D8442119689E}"
EndProject
Global
	GlobalSection(SolutionConfigurationPlatforms) = preSolution
		Debug|Any CPU = Debug|Any CPU
		Release|Any CPU = Release|Any CPU
	EndGlobalSection
	GlobalSection(ProjectConfigurationPlatforms) = postSolution
		{F23C1D62-EF53-4FD3-8C83-D8442119689E}.Debug|Any CPU.ActiveCfg = Debug|Any CPU
		{F23C1D62-EF53-4FD3-8C83-D8442119689E}.Debug|Any CPU.Build.0 = Debug|Any CPU
		{F23C1D62-EF53-4FD3-8C83-D8442119689E}.Release|Any CPU.ActiveCfg = Release|Any CPU
		{F23C1D62-EF53-4FD3-8C83-D8442119689E}.Release|Any CPU.Build.0 = Release|Any CPU
	EndGlobalSection
	GlobalSection(SolutionProperties) = preSolution
		HideSolutionNode = FALSE
	EndGlobalSection
	GlobalSection(ExtensibilityGlobals) = postSolution
		SolutionGuid = {5B5BD38E-39CA-4785-8456-B49260EADC24}
	EndGlobalSection
EndGlobal
