
Microsoft Visual Studio Solution File, Format Version 12.00
# Visual Studio 14
VisualStudioVersion = 14.0.24709.0
MinimumVisualStudioVersion = 10.0.40219.1
Project("{FAE04EC0-301F-11D3-BF4B-00C04F79EFBC}") = "ConsoleApplication1", "ConsoleApplication1\ConsoleApplication1.csproj", "{4AF8790A-5CF0-4816-A039-558738110320}"
EndProject
Global
	GlobalSection(SolutionConfigurationPlatforms) = preSolution
		Debug|Any CPU = Debug|Any CPU
		Release|Any CPU = Release|Any CPU
	EndGlobalSection
	GlobalSection(ProjectConfigurationPlatforms) = postSolution
		{4AF8790A-5CF0-4816-A039-558738110320}.Debug|Any CPU.ActiveCfg = Debug|Any CPU
		{4AF8790A-5CF0-4816-A039-558738110320}.Debug|Any CPU.Build.0 = Debug|Any CPU
		{4AF8790A-5CF0-4816-A039-558738110320}.Release|Any CPU.ActiveCfg = Release|Any CPU
		{4AF8790A-5CF0-4816-A039-558738110320}.Release|Any CPU.Build.0 = Release|Any CPU
	EndGlobalSection
	GlobalSection(SolutionProperties) = preSolution
		HideSolutionNode = FALSE
	EndGlobalSection
EndGlobal
