
Microsoft Visual Studio Solution File, Format Version 12.00
# Visual Studio Version 17
VisualStudioVersion = 17.2.32526.322
MinimumVisualStudioVersion = 10.0.40219.1
Project("{FAE04EC0-301F-11D3-BF4B-00C04F79EFBC}") = "Google.Protobuf", "Google.Protobuf.csproj", "{0778884F-34F0-4801-B660-B2E1852F433D}"
EndProject
Global
	GlobalSection(SolutionConfigurationPlatforms) = preSolution
		Debug|Any CPU = Debug|Any CPU
		Release|Any CPU = Release|Any CPU
	EndGlobalSection
	GlobalSection(ProjectConfigurationPlatforms) = postSolution
		{0778884F-34F0-4801-B660-B2E1852F433D}.Debug|Any CPU.ActiveCfg = Debug|Any CPU
		{0778884F-34F0-4801-B660-B2E1852F433D}.Debug|Any CPU.Build.0 = Debug|Any CPU
		{0778884F-34F0-4801-B660-B2E1852F433D}.Release|Any CPU.ActiveCfg = Release|Any CPU
		{0778884F-34F0-4801-B660-B2E1852F433D}.Release|Any CPU.Build.0 = Release|Any CPU
	EndGlobalSection
	GlobalSection(SolutionProperties) = preSolution
		HideSolutionNode = FALSE
	EndGlobalSection
	GlobalSection(ExtensibilityGlobals) = postSolution
		SolutionGuid = {892D83A3-C74D-49BD-8E1A-A011554BF2D9}
	EndGlobalSection
EndGlobal
