
Microsoft Visual Studio Solution File, Format Version 12.00
# Visual Studio 15
VisualStudioVersion = 15.0.27004.2009
MinimumVisualStudioVersion = 10.0.40219.1
Project("{FAE04EC0-301F-11D3-BF4B-00C04F79EFBC}") = "ClassLib1", "ClassLib1.csproj", "{D8FEDBA2-D056-42FB-B146-5A409727B65D}"
EndProject
Project("{FAE04EC0-301F-11D3-BF4B-00C04F79EFBC}") = "ClassLib2", "ClassLib2.csproj", "{72CD6ED2-481A-4828-BA15-8CD5F0472A77}"
EndProject
Global
	GlobalSection(SolutionConfigurationPlatforms) = preSolution
		Debug|Any CPU = Debug|Any CPU
		Release|Any CPU = Release|Any CPU
	EndGlobalSection
	GlobalSection(ProjectConfigurationPlatforms) = postSolution
		{D8FEDBA2-D056-42FB-B146-5A409727B65D}.Debug|Any CPU.ActiveCfg = Debug|Any CPU
		{D8FEDBA2-D056-42FB-B146-5A409727B65D}.Debug|Any CPU.Build.0 = Debug|Any CPU
		{D8FEDBA2-D056-42FB-B146-5A409727B65D}.Release|Any CPU.ActiveCfg = Release|Any CPU
		{D8FEDBA2-D056-42FB-B146-5A409727B65D}.Release|Any CPU.Build.0 = Release|Any CPU
		{72CD6ED2-481A-4828-BA15-8CD5F0472A77}.Debug|Any CPU.ActiveCfg = Debug|Any CPU
		{72CD6ED2-481A-4828-BA15-8CD5F0472A77}.Debug|Any CPU.Build.0 = Debug|Any CPU
		{72CD6ED2-481A-4828-BA15-8CD5F0472A77}.Release|Any CPU.ActiveCfg = Release|Any CPU
		{72CD6ED2-481A-4828-BA15-8CD5F0472A77}.Release|Any CPU.Build.0 = Release|Any CPU
	EndGlobalSection
	GlobalSection(SolutionProperties) = preSolution
		HideSolutionNode = FALSE
	EndGlobalSection
	GlobalSection(ExtensibilityGlobals) = postSolution
		SolutionGuid = {D320DFC4-3B15-4C71-8B9A-90ABFEB537D6}
	EndGlobalSection
EndGlobal
