{
  "version": 1,
  "dependencies": {
    "net10.0": {
      "Microsoft.AspNetCore.OpenApi": {
        "type": "Direct",
        "requested": "[9.0.3, )",
        "resolved": "9.0.3",
        "contentHash": "fKh0UyGMUE+lhbovMhh3g88b9bT+y2jfZIuJ8ljY7rcCaSJ9m2Qqqbh66oULFfzWE2BUAmimzTGcPcq3jXi/Ew==",
        "dependencies": {
          "Microsoft.OpenApi": "1.6.17"
        }
      },
      "Microsoft.AspNetCore.SpaProxy": {
        "type": "Direct",
        "requested": "[9.*-*, )",
        "resolved": "9.0.11",
        "contentHash": "OCTeWJGdzDqgxagKTI4xK8Z9/lv7G8QtE3xtytYGrx/1BxgOAbJk7E/4MGHDLpKDniDaASdVduZ3pQ3yNZtgEA=="
      },
      "Microsoft.OpenApi": {
        "type": "Transitive",
        "resolved": "1.6.17",
        "contentHash": "Le+kehlmrlQfuDFUt1zZ2dVwrhFQtKREdKBo+rexOwaCoYP0/qpgT9tLxCsZjsgR5Itk1UKPcbgO+FyaNid/bA=="
      }
    }
  }
}