{
  "version": 1,
  "dependencies": {
    ".NETFramework,Version=v4.8": {
      "SonarAnalyzer.CSharp.Styling": {
        "type": "Direct",
        "requested": "[10.32.0.713, )",
        "resolved": "10.32.0.713",
        "contentHash": "tFc9BfAQhBc3oG/PNLUOuQoh7+osRPH8iK8abDkXG9bHb/gC4XlLsY60bF6mm6PTLmYaILz9cJXahoOel+3UUw=="
      },
      "StyleCop.Analyzers": {
        "type": "Direct",
        "requested": "[1.2.0-beta.556, )",
        "resolved": "1.2.0-beta.556",
        "contentHash": "llRPgmA1fhC0I0QyFLEcjvtM2239QzKr/tcnbsjArLMJxJlu0AA5G7Fft0OI30pHF3MW63Gf4aSSsjc5m82J1Q==",
        "dependencies": {
          "StyleCop.Analyzers.Unstable": "1.2.0.556"
        }
      },
      "StyleCop.Analyzers.Unstable": {
        "type": "Transitive",
        "resolved": "1.2.0.556",
        "contentHash": "zvn9Mqs/ox/83cpYPignI8hJEM2A93s2HkHs8HYMOAQW0PkampyoErAiIyKxgTLqbbad29HX/shv/6LGSjPJNQ=="
      }
    },
    "net9.0": {
      "SonarAnalyzer.CSharp.Styling": {
        "type": "Direct",
        "requested": "[10.32.0.713, )",
        "resolved": "10.32.0.713",
        "contentHash": "tFc9BfAQhBc3oG/PNLUOuQoh7+osRPH8iK8abDkXG9bHb/gC4XlLsY60bF6mm6PTLmYaILz9cJXahoOel+3UUw=="
      },
      "StyleCop.Analyzers": {
        "type": "Direct",
        "requested": "[1.2.0-beta.556, )",
        "resolved": "1.2.0-beta.556",
        "contentHash": "llRPgmA1fhC0I0QyFLEcjvtM2239QzKr/tcnbsjArLMJxJlu0AA5G7Fft0OI30pHF3MW63Gf4aSSsjc5m82J1Q==",
        "dependencies": {
          "StyleCop.Analyzers.Unstable": "1.2.0.556"
        }
      },
      "StyleCop.Analyzers.Unstable": {
        "type": "Transitive",
        "resolved": "1.2.0.556",
        "contentHash": "zvn9Mqs/ox/83cpYPignI8hJEM2A93s2HkHs8HYMOAQW0PkampyoErAiIyKxgTLqbbad29HX/shv/6LGSjPJNQ=="
      }
    }
  }
}