
Microsoft Visual Studio Solution File, Format Version 12.00
# Visual Studio Version 16
VisualStudioVersion = 16.0.29215.179
MinimumVisualStudioVersion = 10.0.40219.1
Project("{8BC9CEB8-8B4A-11D0-8D11-00A0C91BC942}") = "ConsoleApp", "ConsoleApp\ConsoleApp.vcxproj", "{A8B8B694-4489-4D82-B9A0-7B63BF0B8FCE}"
EndProject
Global
	GlobalSection(SolutionConfigurationPlatforms) = preSolution
		Debug|x64 = Debug|x64
		Debug|x86 = Debug|x86
		Release|x64 = Release|x64
		Release|x86 = Release|x86
	EndGlobalSection
	GlobalSection(ProjectConfigurationPlatforms) = postSolution
		{A8B8B694-4489-4D82-B9A0-7B63BF0B8FCE}.Debug|x64.ActiveCfg = Debug|x64
		{A8B8B694-4489-4D82-B9A0-7B63BF0B8FCE}.Debug|x64.Build.0 = Debug|x64
		{A8B8B694-4489-4D82-B9A0-7B63BF0B8FCE}.Debug|x86.ActiveCfg = Debug|Win32
		{A8B8B694-4489-4D82-B9A0-7B63BF0B8FCE}.Debug|x86.Build.0 = Debug|Win32
		{A8B8B694-4489-4D82-B9A0-7B63BF0B8FCE}.Release|x64.ActiveCfg = Release|x64
		{A8B8B694-4489-4D82-B9A0-7B63BF0B8FCE}.Release|x64.Build.0 = Release|x64
		{A8B8B694-4489-4D82-B9A0-7B63BF0B8FCE}.Release|x86.ActiveCfg = Release|Win32
		{A8B8B694-4489-4D82-B9A0-7B63BF0B8FCE}.Release|x86.Build.0 = Release|Win32
	EndGlobalSection
	GlobalSection(SolutionProperties) = preSolution
		HideSolutionNode = FALSE
	EndGlobalSection
	GlobalSection(ExtensibilityGlobals) = postSolution
		SolutionGuid = {57F8B751-0012-4E14-A917-4893952715C5}
	EndGlobalSection
EndGlobal
