
Microsoft Visual Studio Solution File, Format Version 12.00
# Visual Studio Version 17
VisualStudioVersion = 17.5.002.0
MinimumVisualStudioVersion = 10.0.40219.1
Project("{9A19103F-16F7-4668-BE54-9A1E7A4F7556}") = "SourcesTestsIgnored", "SourcesTestsIgnored.csproj", "{9304A45F-30A1-4793-92F8-33D202658203}"
EndProject
Global
	GlobalSection(SolutionConfigurationPlatforms) = preSolution
		Debug|Any CPU = Debug|Any CPU
		Release|Any CPU = Release|Any CPU
	EndGlobalSection
	GlobalSection(ProjectConfigurationPlatforms) = postSolution
		{9304A45F-30A1-4793-92F8-33D202658203}.Debug|Any CPU.ActiveCfg = Debug|Any CPU
		{9304A45F-30A1-4793-92F8-33D202658203}.Debug|Any CPU.Build.0 = Debug|Any CPU
		{9304A45F-30A1-4793-92F8-33D202658203}.Release|Any CPU.ActiveCfg = Release|Any CPU
		{9304A45F-30A1-4793-92F8-33D202658203}.Release|Any CPU.Build.0 = Release|Any CPU
	EndGlobalSection
	GlobalSection(SolutionProperties) = preSolution
		HideSolutionNode = FALSE
	EndGlobalSection
	GlobalSection(ExtensibilityGlobals) = postSolution
		SolutionGuid = {BE140A40-C894-4437-B3A4-A036617A5417}
	EndGlobalSection
EndGlobal
