
Microsoft Visual Studio Solution File, Format Version 12.00
# Visual Studio Version 17
VisualStudioVersion = 17.0.32112.339
MinimumVisualStudioVersion = 10.0.40219.1
Project("{54A90642-561A-4BB1-A94E-469ADEE60C69}") = "vuewithaspbackend", "vuewithaspbackend.esproj", "{ECF79EDA-A781-4C86-A7EF-AEECDF00D792}"
EndProject
Project("{FAE04EC0-301F-11D3-BF4B-00C04F79EFBC}") = "AspBackend", "AspBackend\AspBackend.csproj", "{945FB49C-D710-4808-B346-5EB7D7BC8B14}"
EndProject
Global
	GlobalSection(SolutionConfigurationPlatforms) = preSolution
		Debug|Any CPU = Debug|Any CPU
		Release|Any CPU = Release|Any CPU
	EndGlobalSection
	GlobalSection(ProjectConfigurationPlatforms) = postSolution
		{ECF79EDA-A781-4C86-A7EF-AEECDF00D792}.Debug|Any CPU.ActiveCfg = Debug|Any CPU
		{ECF79EDA-A781-4C86-A7EF-AEECDF00D792}.Debug|Any CPU.Build.0 = Debug|Any CPU
		{ECF79EDA-A781-4C86-A7EF-AEECDF00D792}.Debug|Any CPU.Deploy.0 = Debug|Any CPU
		{ECF79EDA-A781-4C86-A7EF-AEECDF00D792}.Release|Any CPU.ActiveCfg = Release|Any CPU
		{ECF79EDA-A781-4C86-A7EF-AEECDF00D792}.Release|Any CPU.Build.0 = Release|Any CPU
		{ECF79EDA-A781-4C86-A7EF-AEECDF00D792}.Release|Any CPU.Deploy.0 = Release|Any CPU
		{945FB49C-D710-4808-B346-5EB7D7BC8B14}.Debug|Any CPU.ActiveCfg = Debug|Any CPU
		{945FB49C-D710-4808-B346-5EB7D7BC8B14}.Debug|Any CPU.Build.0 = Debug|Any CPU
		{945FB49C-D710-4808-B346-5EB7D7BC8B14}.Release|Any CPU.ActiveCfg = Release|Any CPU
		{945FB49C-D710-4808-B346-5EB7D7BC8B14}.Release|Any CPU.Build.0 = Release|Any CPU
	EndGlobalSection
	GlobalSection(SolutionProperties) = preSolution
		HideSolutionNode = FALSE
	EndGlobalSection
	GlobalSection(ExtensibilityGlobals) = postSolution
		SolutionGuid = {DE4E56B1-CF24-4CCC-A6ED-B3A5D93790B3}
	EndGlobalSection
EndGlobal
