
Microsoft Visual Studio Solution File, Format Version 12.00
# Visual Studio 14
VisualStudioVersion = 14.0.25420.1
MinimumVisualStudioVersion = 10.0.40219.1
Project("{FAE04EC0-301F-11D3-BF4B-00C04F79EFBC}") = "TestAnalyzers", "TestAnalyzers\TestAnalyzers\TestAnalyzers.csproj", "{AC5531FE-8583-4FF3-9EE9-941FB463F39C}"
EndProject
Project("{FAE04EC0-301F-11D3-BF4B-00C04F79EFBC}") = "TestAnalyzers.Test", "TestAnalyzers\TestAnalyzers.Test\TestAnalyzers.Test.csproj", "{2ADF68D8-E1FC-4655-9818-0EB09A2FEAEA}"
EndProject
Project("{FAE04EC0-301F-11D3-BF4B-00C04F79EFBC}") = "TestAnalyzers.Vsix", "TestAnalyzers\TestAnalyzers.Vsix\TestAnalyzers.Vsix.csproj", "{402D19EC-8FC8-433C-B69F-31D628B53BA8}"
EndProject
Global
	GlobalSection(SolutionConfigurationPlatforms) = preSolution
		Debug|Any CPU = Debug|Any CPU
		Release|Any CPU = Release|Any CPU
	EndGlobalSection
	GlobalSection(ProjectConfigurationPlatforms) = postSolution
		{AC5531FE-8583-4FF3-9EE9-941FB463F39C}.Debug|Any CPU.ActiveCfg = Debug|Any CPU
		{AC5531FE-8583-4FF3-9EE9-941FB463F39C}.Debug|Any CPU.Build.0 = Debug|Any CPU
		{AC5531FE-8583-4FF3-9EE9-941FB463F39C}.Release|Any CPU.ActiveCfg = Release|Any CPU
		{AC5531FE-8583-4FF3-9EE9-941FB463F39C}.Release|Any CPU.Build.0 = Release|Any CPU
		{2ADF68D8-E1FC-4655-9818-0EB09A2FEAEA}.Debug|Any CPU.ActiveCfg = Debug|Any CPU
		{2ADF68D8-E1FC-4655-9818-0EB09A2FEAEA}.Debug|Any CPU.Build.0 = Debug|Any CPU
		{2ADF68D8-E1FC-4655-9818-0EB09A2FEAEA}.Release|Any CPU.ActiveCfg = Release|Any CPU
		{2ADF68D8-E1FC-4655-9818-0EB09A2FEAEA}.Release|Any CPU.Build.0 = Release|Any CPU
		{402D19EC-8FC8-433C-B69F-31D628B53BA8}.Debug|Any CPU.ActiveCfg = Debug|Any CPU
		{402D19EC-8FC8-433C-B69F-31D628B53BA8}.Debug|Any CPU.Build.0 = Debug|Any CPU
		{402D19EC-8FC8-433C-B69F-31D628B53BA8}.Release|Any CPU.ActiveCfg = Release|Any CPU
		{402D19EC-8FC8-433C-B69F-31D628B53BA8}.Release|Any CPU.Build.0 = Release|Any CPU
	EndGlobalSection
	GlobalSection(SolutionProperties) = preSolution
		HideSolutionNode = FALSE
	EndGlobalSection
EndGlobal
