{
  "version": 1,
  "dependencies": {
    "net8.0": {
      "Microsoft.Azure.Functions.Worker": {
        "type": "Direct",
        "requested": "[1.22.0, )",
        "resolved": "1.22.0",
        "contentHash": "NyzBLZ2exCe4Crx6P5NRqnqMFt9i1VfGDRemeIkwZ8r9pRGksZuW1cArklOox2gLxCVX5rrzQBNfTJbF4lzAxw==",
        "dependencies": {
          "Azure.Core": "1.37.0",
          "Microsoft.Azure.Functions.Worker.Core": "1.18.0",
          "Microsoft.Azure.Functions.Worker.Grpc": "1.16.0",
          "Microsoft.Extensions.Hosting": "5.0.0",
          "Microsoft.Extensions.Hosting.Abstractions": "5.0.0"
        }
      },
      "Microsoft.Azure.Functions.Worker.Extensions.Http": {
        "type": "Direct",
        "requested": "[3.2.0, )",
        "resolved": "3.2.0",
        "contentHash": "TC1xa/s1hZ97ertSh0+qZVjeXB632ObjsuVEhytND32kLfJhT7u+AiBunvdACgn6r0WOZeLIa/BZPA7qovFxiw==",
        "dependencies": {
          "Microsoft.Azure.Functions.Worker.Core": "1.18.0",
          "Microsoft.Azure.Functions.Worker.Extensions.Abstractions": "1.3.0"
        }
      },
      "Microsoft.Azure.Functions.Worker.Sdk": {
        "type": "Direct",
        "requested": "[1.17.3, )",
        "resolved": "1.17.3",
        "contentHash": "BjC6pOWb4doPd7UdPFXuQi7uGJEBoChZ3FyWmkaImkjBk77vNu1ENy7V8+jhhjL84vkB/1XD/rPIZFjC9IysiA==",
        "dependencies": {
          "Microsoft.Azure.Functions.Worker.Sdk.Analyzers": "1.2.1",
          "Microsoft.Azure.Functions.Worker.Sdk.Generators": "1.3.1"
        }
      },
      "Azure.Core": {
        "type": "Transitive",
        "resolved": "1.37.0",
        "contentHash": "ZSWV/ftBM/c/+Eo2hlzeEWntjqNG+8TWXX/DAKjBSWIf7nEvFILQoJL7JZx5HjypDvdNUMj5J2ji8ZpFFSghSg==",
        "dependencies": {
          "Microsoft.Bcl.AsyncInterfaces": "1.1.1",
          "System.Diagnostics.DiagnosticSource": "6.0.1",
          "System.Memory.Data": "1.0.2",
          "System.Numerics.Vectors": "4.5.0",
          "System.Text.Encodings.Web": "4.7.2",
          "System.Text.Json": "4.7.2",
          "System.Threading.Tasks.Extensions": "4.5.4"
        }
      },
      "Google.Protobuf": {
        "type": "Transitive",
        "resolved": "3.25.2",
        "contentHash": "g/xIIeLhR77bl4ajGGbPYRmZf5acJlCRaSBqUnU8+2aQYREnZnv+UccRNndHof4mWO1ORS0b5i6on40VOjBpsg=="
      },
      "Grpc.Core.Api": {
        "type": "Transitive",
        "resolved": "2.60.0",
        "contentHash": "VWah+8dGJhhsay5BQ/Ljq6GYDWj0lSjdzqyoBgUQhXTbBqhs+q5dRFROKxI1xxzlL4pfUO45cf/y+KnHVFG9ew=="
      },
      "Grpc.Net.Client": {
        "type": "Transitive",
        "resolved": "2.60.0",
        "contentHash": "J9U96gjZHOcqSgAThg9vZZhLsbTD005bUggPtMP/RVQnGc3+tQJTpkRUCJtJWq9cykNydsRVoyU38TjPP/VJ4A==",
        "dependencies": {
          "Grpc.Net.Common": "2.60.0",
          "Microsoft.Extensions.Logging.Abstractions": "6.0.0"
        }
      },
      "Grpc.Net.ClientFactory": {
        "type": "Transitive",
        "resolved": "2.60.0",
        "contentHash": "lCUZjbv6TtI1FbOUE593PLCkXqW2Yrf3KsFfzxIMdJ54o4ELwCEQ26xjfrm+hMTefiXxvXf9FO7zL1rGLWWSig==",
        "dependencies": {
          "Grpc.Net.Client": "2.60.0",
          "Microsoft.Extensions.Http": "6.0.0"
        }
      },
      "Grpc.Net.Common": {
        "type": "Transitive",
        "resolved": "2.60.0",
        "contentHash": "Y/917aplgD1RA0q1cd9WpnMGyl9Luu3WZl6ZMpPvNQwg2TNw/3uXUDSriDBybeCtxnKUCtxUcWO3WsVkhM1DcA==",
        "dependencies": {
          "Grpc.Core.Api": "2.60.0"
        }
      },
      "Microsoft.Azure.Functions.Worker.Core": {
        "type": "Transitive",
        "resolved": "1.18.0",
        "contentHash": "AFHJMjPB7JhwnWnGFbroSGMRa5ertGrG6j9DcCzpto3YmjrM29BasD9zLekAniRjZHqBMF0sSsTm1aq/cKdVKQ==",
        "dependencies": {
          "Azure.Core": "1.37.0",
          "Microsoft.Extensions.Hosting": "5.0.0",
          "Microsoft.Extensions.Hosting.Abstractions": "5.0.0",
          "System.Collections.Immutable": "5.0.0",
          "System.Diagnostics.DiagnosticSource": "7.0.0"
        }
      },
      "Microsoft.Azure.Functions.Worker.Extensions.Abstractions": {
        "type": "Transitive",
        "resolved": "1.3.0",
        "contentHash": "+6+/Yb/ouWUweaSQhesbbiIVSmwYEzkSfjIHrBnNqIiCYnx2iLeoYyWjN/wHP3Fnn5COtyDXRDwHKr5A/tCL9Q=="
      },
      "Microsoft.Azure.Functions.Worker.Grpc": {
        "type": "Transitive",
        "resolved": "1.16.0",
        "contentHash": "B4GhvNzH4w2pABkL1NbZikcxNSgKknUqqpO0zS488torBOe8AS6JOt4lgGFEe2Lzybkc8/fh7tVFbvkKN4EddA==",
        "dependencies": {
          "Azure.Core": "1.37.0",
          "Google.Protobuf": "3.25.2",
          "Grpc.Net.Client": "2.60.0",
          "Grpc.Net.ClientFactory": "2.60.0",
          "Microsoft.Azure.Functions.Worker.Core": "1.17.0",
          "Microsoft.Azure.Functions.Worker.Extensions.Abstractions": "1.3.0",
          "Microsoft.Extensions.Hosting": "5.0.0",
          "Microsoft.Extensions.Hosting.Abstractions": "5.0.0"
        }
      },
      "Microsoft.Azure.Functions.Worker.Sdk.Analyzers": {
        "type": "Transitive",
        "resolved": "1.2.1",
        "contentHash": "EOZqyNc718vKJAg4/cgmDqnQg3wYoNKE14NjskBrDAINMBKfujQqHRn4McSFfSHgCXUE0F/Yc4+sh7i6HhbPbg=="
      },
      "Microsoft.Azure.Functions.Worker.Sdk.Generators": {
        "type": "Transitive",
        "resolved": "1.3.1",
        "contentHash": "ffhIwVAU2gcmY3yHaQjUkVFdwYwaAJJTpIHQWRZQhTjkLHkEaW5Y3QHWusfpFNNvxWWlSRR+DNBrs06RQJjpdQ=="
      },
      "Microsoft.Bcl.AsyncInterfaces": {
        "type": "Transitive",
        "resolved": "1.1.1",
        "contentHash": "yuvf07qFWFqtK3P/MRkEKLhn5r2UbSpVueRziSqj0yJQIKFwG1pq9mOayK3zE5qZCTs0CbrwL9M6R8VwqyGy2w=="
      },
      "Microsoft.Extensions.Configuration": {
        "type": "Transitive",
        "resolved": "5.0.0",
        "contentHash": "LN322qEKHjuVEhhXueTUe7RNePooZmS8aGid5aK2woX3NPjSnONFyKUc6+JknOS6ce6h2tCLfKPTBXE3mN/6Ag==",
        "dependencies": {
          "Microsoft.Extensions.Configuration.Abstractions": "5.0.0",
          "Microsoft.Extensions.Primitives": "5.0.0"
        }
      },
      "Microsoft.Extensions.Configuration.Abstractions": {
        "type": "Transitive",
        "resolved": "5.0.0",
        "contentHash": "ETjSBHMp3OAZ4HxGQYpwyGsD8Sw5FegQXphi0rpoGMT74S4+I2mm7XJEswwn59XAaKOzC15oDSOWEE8SzDCd6Q==",
        "dependencies": {
          "Microsoft.Extensions.Primitives": "5.0.0"
        }
      },
      "Microsoft.Extensions.Configuration.Binder": {
        "type": "Transitive",
        "resolved": "5.0.0",
        "contentHash": "Of1Irt1+NzWO+yEYkuDh5TpT4On7LKl98Q9iLqCdOZps6XXEWDj3AKtmyvzJPVXZe4apmkJJIiDL7rR1yC+hjQ==",
        "dependencies": {
          "Microsoft.Extensions.Configuration.Abstractions": "5.0.0"
        }
      },
      "Microsoft.Extensions.Configuration.CommandLine": {
        "type": "Transitive",
        "resolved": "5.0.0",
        "contentHash": "OelM+VQdhZ0XMXsEQBq/bt3kFzD+EBGqR4TAgFDRAye0JfvHAaRi+3BxCRcwqUAwDhV0U0HieljBGHlTgYseRA==",
        "dependencies": {
          "Microsoft.Extensions.Configuration": "5.0.0",
          "Microsoft.Extensions.Configuration.Abstractions": "5.0.0"
        }
      },
      "Microsoft.Extensions.Configuration.EnvironmentVariables": {
        "type": "Transitive",
        "resolved": "5.0.0",
        "contentHash": "fqh6y6hAi0Z0fRsb4B/mP9OkKkSlifh5osa+N/YSQ+/S2a//+zYApZMUC1XeP9fdjlgZoPQoZ72Q2eLHyKLddQ==",
        "dependencies": {
          "Microsoft.Extensions.Configuration": "5.0.0",
          "Microsoft.Extensions.Configuration.Abstractions": "5.0.0"
        }
      },
      "Microsoft.Extensions.Configuration.FileExtensions": {
        "type": "Transitive",
        "resolved": "5.0.0",
        "contentHash": "rRdspYKA18ViPOISwAihhCMbusHsARCOtDMwa23f+BGEdIjpKPlhs3LLjmKlxfhpGXBjIsS0JpXcChjRUN+PAw==",
        "dependencies": {
          "Microsoft.Extensions.Configuration": "5.0.0",
          "Microsoft.Extensions.Configuration.Abstractions": "5.0.0",
          "Microsoft.Extensions.FileProviders.Abstractions": "5.0.0",
          "Microsoft.Extensions.FileProviders.Physical": "5.0.0",
          "Microsoft.Extensions.Primitives": "5.0.0"
        }
      },
      "Microsoft.Extensions.Configuration.Json": {
        "type": "Transitive",
        "resolved": "5.0.0",
        "contentHash": "Pak8ymSUfdzPfBTLHxeOwcR32YDbuVfhnH2hkfOLnJNQd19ItlBdpMjIDY9C5O/nS2Sn9bzDMai0ZrvF7KyY/Q==",
        "dependencies": {
          "Microsoft.Extensions.Configuration": "5.0.0",
          "Microsoft.Extensions.Configuration.Abstractions": "5.0.0",
          "Microsoft.Extensions.Configuration.FileExtensions": "5.0.0",
          "Microsoft.Extensions.FileProviders.Abstractions": "5.0.0"
        }
      },
      "Microsoft.Extensions.Configuration.UserSecrets": {
        "type": "Transitive",
        "resolved": "5.0.0",
        "contentHash": "+tK3seG68106lN277YWQvqmfyI/89w0uTu/5Gz5VYSUu5TI4mqwsaWLlSmT9Bl1yW/i1Nr06gHJxqaqB5NU9Tw==",
        "dependencies": {
          "Microsoft.Extensions.Configuration.Abstractions": "5.0.0",
          "Microsoft.Extensions.Configuration.Json": "5.0.0",
          "Microsoft.Extensions.FileProviders.Abstractions": "5.0.0",
          "Microsoft.Extensions.FileProviders.Physical": "5.0.0"
        }
      },
      "Microsoft.Extensions.DependencyInjection": {
        "type": "Transitive",
        "resolved": "6.0.0",
        "contentHash": "k6PWQMuoBDGGHOQTtyois2u4AwyVcIwL2LaSLlTZQm2CYcJ1pxbt6jfAnpWmzENA/wfrYRI/X9DTLoUkE4AsLw==",
        "dependencies": {
          "Microsoft.Extensions.DependencyInjection.Abstractions": "6.0.0",
          "System.Runtime.CompilerServices.Unsafe": "6.0.0"
        }
      },
      "Microsoft.Extensions.DependencyInjection.Abstractions": {
        "type": "Transitive",
        "resolved": "6.0.0",
        "contentHash": "xlzi2IYREJH3/m6+lUrQlujzX8wDitm4QGnUu6kUXTQAWPuZY8i+ticFJbzfqaetLA6KR/rO6Ew/HuYD+bxifg=="
      },
      "Microsoft.Extensions.FileProviders.Abstractions": {
        "type": "Transitive",
        "resolved": "5.0.0",
        "contentHash": "iuZIiZ3mteEb+nsUqpGXKx2cGF+cv6gWPd5jqQI4hzqdiJ6I94ddLjKhQOuRW1lueHwocIw30xbSHGhQj0zjdQ==",
        "dependencies": {
          "Microsoft.Extensions.Primitives": "5.0.0"
        }
      },
      "Microsoft.Extensions.FileProviders.Physical": {
        "type": "Transitive",
        "resolved": "5.0.0",
        "contentHash": "1rkd8UO2qf21biwO7X0hL9uHP7vtfmdv/NLvKgCRHkdz1XnW8zVQJXyEYiN68WYpExgtVWn55QF0qBzgfh1mGg==",
        "dependencies": {
          "Microsoft.Extensions.FileProviders.Abstractions": "5.0.0",
          "Microsoft.Extensions.FileSystemGlobbing": "5.0.0",
          "Microsoft.Extensions.Primitives": "5.0.0"
        }
      },
      "Microsoft.Extensions.FileSystemGlobbing": {
        "type": "Transitive",
        "resolved": "5.0.0",
        "contentHash": "ArliS8lGk8sWRtrWpqI8yUVYJpRruPjCDT+EIjrgkA/AAPRctlAkRISVZ334chAKktTLzD1+PK8F5IZpGedSqA=="
      },
      "Microsoft.Extensions.Hosting": {
        "type": "Transitive",
        "resolved": "5.0.0",
        "contentHash": "hiokSU1TOVfcqpQAnpiOzP2rE9p+niq92g5yeAnwlbSrUlIdIS6M8emCknZvhdOagQA9x5YWNwe1n0kFUwE0NQ==",
        "dependencies": {
          "Microsoft.Extensions.Configuration": "5.0.0",
          "Microsoft.Extensions.Configuration.Abstractions": "5.0.0",
          "Microsoft.Extensions.Configuration.Binder": "5.0.0",
          "Microsoft.Extensions.Configuration.CommandLine": "5.0.0",
          "Microsoft.Extensions.Configuration.EnvironmentVariables": "5.0.0",
          "Microsoft.Extensions.Configuration.FileExtensions": "5.0.0",
          "Microsoft.Extensions.Configuration.Json": "5.0.0",
          "Microsoft.Extensions.Configuration.UserSecrets": "5.0.0",
          "Microsoft.Extensions.DependencyInjection": "5.0.0",
          "Microsoft.Extensions.DependencyInjection.Abstractions": "5.0.0",
          "Microsoft.Extensions.FileProviders.Abstractions": "5.0.0",
          "Microsoft.Extensions.FileProviders.Physical": "5.0.0",
          "Microsoft.Extensions.Hosting.Abstractions": "5.0.0",
          "Microsoft.Extensions.Logging": "5.0.0",
          "Microsoft.Extensions.Logging.Abstractions": "5.0.0",
          "Microsoft.Extensions.Logging.Configuration": "5.0.0",
          "Microsoft.Extensions.Logging.Console": "5.0.0",
          "Microsoft.Extensions.Logging.Debug": "5.0.0",
          "Microsoft.Extensions.Logging.EventLog": "5.0.0",
          "Microsoft.Extensions.Logging.EventSource": "5.0.0",
          "Microsoft.Extensions.Options": "5.0.0"
        }
      },
      "Microsoft.Extensions.Hosting.Abstractions": {
        "type": "Transitive",
        "resolved": "5.0.0",
        "contentHash": "cbUOCePYBl1UhM+N2zmDSUyJ6cODulbtUd9gEzMFIK3RQDtP/gJsE08oLcBSXH3Q1RAQ0ex7OAB3HeTKB9bXpg==",
        "dependencies": {
          "Microsoft.Extensions.Configuration.Abstractions": "5.0.0",
          "Microsoft.Extensions.DependencyInjection.Abstractions": "5.0.0",
          "Microsoft.Extensions.FileProviders.Abstractions": "5.0.0"
        }
      },
      "Microsoft.Extensions.Http": {
        "type": "Transitive",
        "resolved": "6.0.0",
        "contentHash": "15+pa2G0bAMHbHewaQIdr/y6ag2H3yh4rd9hTXavtWDzQBkvpe2RMqFg8BxDpcQWssmjmBApGPcw93QRz6YcMg==",
        "dependencies": {
          "Microsoft.Extensions.DependencyInjection.Abstractions": "6.0.0",
          "Microsoft.Extensions.Logging": "6.0.0",
          "Microsoft.Extensions.Logging.Abstractions": "6.0.0",
          "Microsoft.Extensions.Options": "6.0.0"
        }
      },
      "Microsoft.Extensions.Logging": {
        "type": "Transitive",
        "resolved": "6.0.0",
        "contentHash": "eIbyj40QDg1NDz0HBW0S5f3wrLVnKWnDJ/JtZ+yJDFnDj90VoPuoPmFkeaXrtu+0cKm5GRAwoDf+dBWXK0TUdg==",
        "dependencies": {
          "Microsoft.Extensions.DependencyInjection": "6.0.0",
          "Microsoft.Extensions.DependencyInjection.Abstractions": "6.0.0",
          "Microsoft.Extensions.Logging.Abstractions": "6.0.0",
          "Microsoft.Extensions.Options": "6.0.0",
          "System.Diagnostics.DiagnosticSource": "6.0.0"
        }
      },
      "Microsoft.Extensions.Logging.Abstractions": {
        "type": "Transitive",
        "resolved": "6.0.0",
        "contentHash": "/HggWBbTwy8TgebGSX5DBZ24ndhzi93sHUBDvP1IxbZD7FDokYzdAr6+vbWGjw2XAfR2EJ1sfKUotpjHnFWPxA=="
      },
      "Microsoft.Extensions.Logging.Configuration": {
        "type": "Transitive",
        "resolved": "5.0.0",
        "contentHash": "N3/d0HeMRnBekadbZlmbp+In8EvNNkQHSdbtRzjrGVckdZWpYs5GNrAfaYqVplDFW0WUedSaFJ3khB50BWYGsw==",
        "dependencies": {
          "Microsoft.Extensions.Configuration": "5.0.0",
          "Microsoft.Extensions.Configuration.Abstractions": "5.0.0",
          "Microsoft.Extensions.Configuration.Binder": "5.0.0",
          "Microsoft.Extensions.DependencyInjection.Abstractions": "5.0.0",
          "Microsoft.Extensions.Logging": "5.0.0",
          "Microsoft.Extensions.Logging.Abstractions": "5.0.0",
          "Microsoft.Extensions.Options": "5.0.0",
          "Microsoft.Extensions.Options.ConfigurationExtensions": "5.0.0"
        }
      },
      "Microsoft.Extensions.Logging.Console": {
        "type": "Transitive",
        "resolved": "5.0.0",
        "contentHash": "jH0wbWhfvXjOVmCkbra4vbiovDtTUIWLQjCeJ7Xun3h4AHvwfzm7V7wlsXKs3tNnPrsCxZ9oaV0vUAgGY1JxOA==",
        "dependencies": {
          "Microsoft.Extensions.Configuration.Abstractions": "5.0.0",
          "Microsoft.Extensions.DependencyInjection.Abstractions": "5.0.0",
          "Microsoft.Extensions.Logging": "5.0.0",
          "Microsoft.Extensions.Logging.Abstractions": "5.0.0",
          "Microsoft.Extensions.Logging.Configuration": "5.0.0",
          "Microsoft.Extensions.Options": "5.0.0",
          "Microsoft.Extensions.Options.ConfigurationExtensions": "5.0.0"
        }
      },
      "Microsoft.Extensions.Logging.Debug": {
        "type": "Transitive",
        "resolved": "5.0.0",
        "contentHash": "9dvt0xqRrClvhaPNpfyS39WxnW9G55l5lrV5ZX7IrEgwo4VwtmJKtoPiKVYKbhAuOBGUI5WY3hWLvF+PSbJp5A==",
        "dependencies": {
          "Microsoft.Extensions.DependencyInjection.Abstractions": "5.0.0",
          "Microsoft.Extensions.Logging": "5.0.0",
          "Microsoft.Extensions.Logging.Abstractions": "5.0.0"
        }
      },
      "Microsoft.Extensions.Logging.EventLog": {
        "type": "Transitive",
        "resolved": "5.0.0",
        "contentHash": "CYzsgF2lqgahGl/HuErsIDaZZ9ueN+MBjGfO/0jVDLPaXLaywxlGKFpDgXMaB053DRYZwD1H2Lb1I60mTXS3jg==",
        "dependencies": {
          "Microsoft.Extensions.DependencyInjection.Abstractions": "5.0.0",
          "Microsoft.Extensions.Logging": "5.0.0",
          "Microsoft.Extensions.Logging.Abstractions": "5.0.0",
          "Microsoft.Extensions.Options": "5.0.0",
          "System.Diagnostics.EventLog": "5.0.0"
        }
      },
      "Microsoft.Extensions.Logging.EventSource": {
        "type": "Transitive",
        "resolved": "5.0.0",
        "contentHash": "hF+D6PJkrM0qXcSEGs1BwZwgP8c0BRkj26P/5wmYTcHKOp52GRey/Z/YKRmRIHIrXxj9tz/JgIjU9oWmiJ5HMw==",
        "dependencies": {
          "Microsoft.Extensions.DependencyInjection.Abstractions": "5.0.0",
          "Microsoft.Extensions.Logging": "5.0.0",
          "Microsoft.Extensions.Logging.Abstractions": "5.0.0",
          "Microsoft.Extensions.Options": "5.0.0",
          "Microsoft.Extensions.Primitives": "5.0.0"
        }
      },
      "Microsoft.Extensions.Options": {
        "type": "Transitive",
        "resolved": "6.0.0",
        "contentHash": "dzXN0+V1AyjOe2xcJ86Qbo233KHuLEY0njf/P2Kw8SfJU+d45HNS2ctJdnEnrWbM9Ye2eFgaC5Mj9otRMU6IsQ==",
        "dependencies": {
          "Microsoft.Extensions.DependencyInjection.Abstractions": "6.0.0",
          "Microsoft.Extensions.Primitives": "6.0.0"
        }
      },
      "Microsoft.Extensions.Options.ConfigurationExtensions": {
        "type": "Transitive",
        "resolved": "5.0.0",
        "contentHash": "280RxNJqOeQqq47aJLy5D9LN61CAWeuRA83gPToQ8B9jl9SNdQ5EXjlfvF66zQI5AXMl+C/3hGnbtIEN+X3mqA==",
        "dependencies": {
          "Microsoft.Extensions.Configuration.Abstractions": "5.0.0",
          "Microsoft.Extensions.Configuration.Binder": "5.0.0",
          "Microsoft.Extensions.DependencyInjection.Abstractions": "5.0.0",
          "Microsoft.Extensions.Options": "5.0.0",
          "Microsoft.Extensions.Primitives": "5.0.0"
        }
      },
      "Microsoft.Extensions.Primitives": {
        "type": "Transitive",
        "resolved": "6.0.0",
        "contentHash": "9+PnzmQFfEFNR9J2aDTfJGGupShHjOuGw4VUv+JB044biSHrnmCIMD+mJHmb2H7YryrfBEXDurxQ47gJZdCKNQ==",
        "dependencies": {
          "System.Runtime.CompilerServices.Unsafe": "6.0.0"
        }
      },
      "Microsoft.NETCore.Platforms": {
        "type": "Transitive",
        "resolved": "5.0.0",
        "contentHash": "VyPlqzH2wavqquTcYpkIIAQ6WdenuKoFN0BdYBbCWsclXacSOHNQn66Gt4z5NBqEYW0FAPm5rlvki9ZiCij5xQ=="
      },
      "Microsoft.Win32.Registry": {
        "type": "Transitive",
        "resolved": "5.0.0",
        "contentHash": "dDoKi0PnDz31yAyETfRntsLArTlVAVzUzCIvvEDsDsucrl33Dl8pIJG06ePTJTI3tGpeyHS9Cq7Foc/s4EeKcg==",
        "dependencies": {
          "System.Security.AccessControl": "5.0.0",
          "System.Security.Principal.Windows": "5.0.0"
        }
      },
      "System.Collections.Immutable": {
        "type": "Transitive",
        "resolved": "5.0.0",
        "contentHash": "FXkLXiK0sVVewcso0imKQoOxjoPAj42R8HtjjbSjVPAzwDfzoyoznWxgA3c38LDbN9SJux1xXoXYAhz98j7r2g=="
      },
      "System.Diagnostics.DiagnosticSource": {
        "type": "Transitive",
        "resolved": "7.0.0",
        "contentHash": "9W0ewWDuAyDqS2PigdTxk6jDKonfgscY/hP8hm7VpxYhNHZHKvZTdRckberlFk3VnCmr3xBUyMBut12Q+T2aOw=="
      },
      "System.Diagnostics.EventLog": {
        "type": "Transitive",
        "resolved": "5.0.0",
        "contentHash": "FHkCwUfsTs+/5tsK+c0egLfacUgbhvcwi3wUFWSEEArSXao343mYqcpOVVFMlcCkdNtjU4YwAWaKYwal6f02og==",
        "dependencies": {
          "Microsoft.NETCore.Platforms": "5.0.0",
          "Microsoft.Win32.Registry": "5.0.0",
          "System.Security.Principal.Windows": "5.0.0"
        }
      },
      "System.Memory.Data": {
        "type": "Transitive",
        "resolved": "1.0.2",
        "contentHash": "JGkzeqgBsiZwKJZ1IxPNsDFZDhUvuEdX8L8BDC8N3KOj+6zMcNU28CNN59TpZE/VJYy9cP+5M+sbxtWJx3/xtw==",
        "dependencies": {
          "System.Text.Encodings.Web": "4.7.2",
          "System.Text.Json": "4.6.0"
        }
      },
      "System.Numerics.Vectors": {
        "type": "Transitive",
        "resolved": "4.5.0",
        "contentHash": "QQTlPTl06J/iiDbJCiepZ4H//BVraReU4O4EoRw1U02H5TLUIT7xn3GnDp9AXPSlJUDyFs4uWjWafNX6WrAojQ=="
      },
      "System.Runtime.CompilerServices.Unsafe": {
        "type": "Transitive",
        "resolved": "6.0.0",
        "contentHash": "/iUeP3tq1S0XdNNoMz5C9twLSrM/TH+qElHkXWaPvuNOt+99G75NrV0OS2EqHx5wMN7popYjpc8oTjC1y16DLg=="
      },
      "System.Security.AccessControl": {
        "type": "Transitive",
        "resolved": "5.0.0",
        "contentHash": "dagJ1mHZO3Ani8GH0PHpPEe/oYO+rVdbQjvjJkBRNQkX4t0r1iaeGn8+/ybkSLEan3/slM0t59SVdHzuHf2jmw==",
        "dependencies": {
          "Microsoft.NETCore.Platforms": "5.0.0",
          "System.Security.Principal.Windows": "5.0.0"
        }
      },
      "System.Security.Principal.Windows": {
        "type": "Transitive",
        "resolved": "5.0.0",
        "contentHash": "t0MGLukB5WAVU9bO3MGzvlGnyJPgUlcwerXn1kzBRjwLKixT96XV0Uza41W49gVd8zEMFu9vQEFlv0IOrytICA=="
      },
      "System.Text.Encodings.Web": {
        "type": "Transitive",
        "resolved": "4.7.2",
        "contentHash": "iTUgB/WtrZ1sWZs84F2hwyQhiRH6QNjQv2DkwrH+WP6RoFga2Q1m3f9/Q7FG8cck8AdHitQkmkXSY8qylcDmuA=="
      },
      "System.Text.Json": {
        "type": "Transitive",
        "resolved": "4.7.2",
        "contentHash": "TcMd95wcrubm9nHvJEQs70rC0H/8omiSGGpU4FQ/ZA1URIqD4pjmFJh2Mfv1yH1eHgJDWTi2hMDXwTET+zOOyg=="
      },
      "System.Threading.Tasks.Extensions": {
        "type": "Transitive",
        "resolved": "4.5.4",
        "contentHash": "zteT+G8xuGu6mS+mzDzYXbzS7rd3K6Fjb9RiZlYlJPam2/hU7JCBZBVEcywNuR+oZ1ncTvc/cq0faRr3P01OVg=="
      }
    }
  }
}