
Microsoft Visual Studio Solution File, Format Version 12.00
# Visual Studio Version 17
VisualStudioVersion = 17.14.36414.22 d17.14
MinimumVisualStudioVersion = 10.0.40219.1
Project("{FAE04EC0-301F-11D3-BF4B-00C04F79EFBC}") = "UTF8Filenames", "UTF8Filenames\UTF8Filenames.csproj", "{B907FCB2-025B-45BE-B23C-8596F43CD673}"
EndProject
Global
	GlobalSection(SolutionConfigurationPlatforms) = preSolution
		Debug|Any CPU = Debug|Any CPU
		Release|Any CPU = Release|Any CPU
	EndGlobalSection
	GlobalSection(ProjectConfigurationPlatforms) = postSolution
		{B907FCB2-025B-45BE-B23C-8596F43CD673}.Debug|Any CPU.ActiveCfg = Debug|Any CPU
		{B907FCB2-025B-45BE-B23C-8596F43CD673}.Debug|Any CPU.Build.0 = Debug|Any CPU
		{B907FCB2-025B-45BE-B23C-8596F43CD673}.Release|Any CPU.ActiveCfg = Release|Any CPU
		{B907FCB2-025B-45BE-B23C-8596F43CD673}.Release|Any CPU.Build.0 = Release|Any CPU
	EndGlobalSection
	GlobalSection(SolutionProperties) = preSolution
		HideSolutionNode = FALSE
	EndGlobalSection
	GlobalSection(ExtensibilityGlobals) = postSolution
		SolutionGuid = {1232EE4F-2972-4D7D-9E20-FD167DD8BF6B}
	EndGlobalSection
EndGlobal
