
Microsoft Visual Studio Solution File, Format Version 12.00
# Visual Studio 2013
VisualStudioVersion = 12.0.30723.0
MinimumVisualStudioVersion = 10.0.40219.1
Project("{FAE04EC0-301F-11D3-BF4B-00C04F79EFBC}") = "SonarQube.MSBuild.Tasks", "SonarMSBuild.Tasks\SonarQube.MSBuild.Tasks.csproj", "{AB14D4F9-F7B9-4CAB-A0DD-54068B236A6D}"
EndProject
Project("{2150E333-8FDC-42A3-9474-1A3956D46DE8}") = "Tests", "Tests", "{E04A4D31-AC10-4F56-9678-5D538932578C}"
EndProject
Project("{FAE04EC0-301F-11D3-BF4B-00C04F79EFBC}") = "TestUtilities", "Tests\TestUtilities\TestUtilities.csproj", "{2FA8E679-3BEC-4679-A543-8CADB117C9EB}"
EndProject
Project("{FAE04EC0-301F-11D3-BF4B-00C04F79EFBC}") = "SonarQube.MSBuild.Tasks.UnitTests", "Tests\SonarMSBuild.Tasks.UnitTests\SonarQube.MSBuild.Tasks.UnitTests.csproj", "{9921D017-AAFC-48E3-8F48-E45DC084CEA4}"
EndProject
Project("{FAE04EC0-301F-11D3-BF4B-00C04F79EFBC}") = "SonarQube.MSBuild.Tasks.IntegrationTests", "Tests\SonarMSBuild.Tasks.IntegrationTests\SonarQube.MSBuild.Tasks.IntegrationTests.csproj", "{943D1B4C-578E-4A4D-ADB3-F823E13FBE28}"
EndProject
Project("{FAE04EC0-301F-11D3-BF4B-00C04F79EFBC}") = "SonarQube.Common", "Sonar.Common\SonarQube.Common.csproj", "{E312FDBB-BC13-4559-8F21-76CA5B88EBC5}"
EndProject
Project("{FAE04EC0-301F-11D3-BF4B-00C04F79EFBC}") = "SonarQube.Common.UnitTests", "Tests\Sonar.Common.UnitTests\SonarQube.Common.UnitTests.csproj", "{A74AA08B-58D3-4B52-BC40-3A4F9A997705}"
EndProject
Project("{2150E333-8FDC-42A3-9474-1A3956D46DE8}") = "BatchFiles", "BatchFiles", "{E5506C78-82DD-46FA-A82C-C203C522A05D}"
	ProjectSection(SolutionItems) = preProject
		BatchFiles\SonarQubePostBuild.bat = BatchFiles\SonarQubePostBuild.bat
	EndProjectSection
EndProject
Project("{FAE04EC0-301F-11D3-BF4B-00C04F79EFBC}") = "SonarQube.TeamBuild.Integration", "Sonar.TeamBuild.Integration\SonarQube.TeamBuild.Integration.csproj", "{66CE9491-1C14-45D2-BEB6-A0695C63EBB2}"
EndProject
Project("{FAE04EC0-301F-11D3-BF4B-00C04F79EFBC}") = "SonarQube.TeamBuild.PostProcessor", "SonarTeamBuildPostProcessor\SonarQube.TeamBuild.PostProcessor.csproj", "{80F02FAD-FE7E-41B6-9151-BB650FDD6103}"
EndProject
Project("{FAE04EC0-301F-11D3-BF4B-00C04F79EFBC}") = "SonarQube.TeamBuild.Integration.Tests", "Tests\Sonar.TeamBuild.Integration.Tests\SonarQube.TeamBuild.Integration.Tests.csproj", "{D46E5A94-A9DD-4337-ADD7-2D79CB9D640A}"
EndProject
Project("{FAE04EC0-301F-11D3-BF4B-00C04F79EFBC}") = "SonarQube.TeamBuild.PreProcessor", "Sonar.TeamBuild.PreProcessor\SonarQube.TeamBuild.PreProcessor.csproj", "{F43364BB-E460-4AC4-87E9-DE460A9F55F5}"
EndProject
Project("{FAE04EC0-301F-11D3-BF4B-00C04F79EFBC}") = "SonarQube.TeamBuild.PreProcessor.Tests", "Tests\Sonar.TeamBuild.PreProcessor.Tests\SonarQube.TeamBuild.PreProcessor.Tests.csproj", "{81E8D103-270F-4363-87D1-72BE7FC4F94A}"
EndProject
Project("{FAE04EC0-301F-11D3-BF4B-00C04F79EFBC}") = "SonarRunner.Shim", "SonarRunner.Shim\SonarRunner.Shim.csproj", "{C28A09BF-6025-4EA1-90D7-4D5EC0AF815D}"
EndProject
Project("{FAE04EC0-301F-11D3-BF4B-00C04F79EFBC}") = "SonarRunner.Shim.Tests", "Tests\SonarRunner.Shim.Tests\SonarRunner.Shim.Tests.csproj", "{F43FC14B-5249-46F4-9E89-F4AAFDDB27ED}"
EndProject
Global
	GlobalSection(SolutionConfigurationPlatforms) = preSolution
		Debug|Any CPU = Debug|Any CPU
		Release|Any CPU = Release|Any CPU
	EndGlobalSection
	GlobalSection(ProjectConfigurationPlatforms) = postSolution
		{AB14D4F9-F7B9-4CAB-A0DD-54068B236A6D}.Debug|Any CPU.ActiveCfg = Debug|Any CPU
		{AB14D4F9-F7B9-4CAB-A0DD-54068B236A6D}.Debug|Any CPU.Build.0 = Debug|Any CPU
		{AB14D4F9-F7B9-4CAB-A0DD-54068B236A6D}.Release|Any CPU.ActiveCfg = Release|Any CPU
		{AB14D4F9-F7B9-4CAB-A0DD-54068B236A6D}.Release|Any CPU.Build.0 = Release|Any CPU
		{2FA8E679-3BEC-4679-A543-8CADB117C9EB}.Debug|Any CPU.ActiveCfg = Debug|Any CPU
		{2FA8E679-3BEC-4679-A543-8CADB117C9EB}.Debug|Any CPU.Build.0 = Debug|Any CPU
		{2FA8E679-3BEC-4679-A543-8CADB117C9EB}.Release|Any CPU.ActiveCfg = Release|Any CPU
		{2FA8E679-3BEC-4679-A543-8CADB117C9EB}.Release|Any CPU.Build.0 = Release|Any CPU
		{9921D017-AAFC-48E3-8F48-E45DC084CEA4}.Debug|Any CPU.ActiveCfg = Debug|Any CPU
		{9921D017-AAFC-48E3-8F48-E45DC084CEA4}.Debug|Any CPU.Build.0 = Debug|Any CPU
		{9921D017-AAFC-48E3-8F48-E45DC084CEA4}.Release|Any CPU.ActiveCfg = Release|Any CPU
		{9921D017-AAFC-48E3-8F48-E45DC084CEA4}.Release|Any CPU.Build.0 = Release|Any CPU
		{943D1B4C-578E-4A4D-ADB3-F823E13FBE28}.Debug|Any CPU.ActiveCfg = Debug|Any CPU
		{943D1B4C-578E-4A4D-ADB3-F823E13FBE28}.Debug|Any CPU.Build.0 = Debug|Any CPU
		{943D1B4C-578E-4A4D-ADB3-F823E13FBE28}.Release|Any CPU.ActiveCfg = Release|Any CPU
		{943D1B4C-578E-4A4D-ADB3-F823E13FBE28}.Release|Any CPU.Build.0 = Release|Any CPU
		{E312FDBB-BC13-4559-8F21-76CA5B88EBC5}.Debug|Any CPU.ActiveCfg = Debug|Any CPU
		{E312FDBB-BC13-4559-8F21-76CA5B88EBC5}.Debug|Any CPU.Build.0 = Debug|Any CPU
		{E312FDBB-BC13-4559-8F21-76CA5B88EBC5}.Release|Any CPU.ActiveCfg = Release|Any CPU
		{E312FDBB-BC13-4559-8F21-76CA5B88EBC5}.Release|Any CPU.Build.0 = Release|Any CPU
		{A74AA08B-58D3-4B52-BC40-3A4F9A997705}.Debug|Any CPU.ActiveCfg = Debug|Any CPU
		{A74AA08B-58D3-4B52-BC40-3A4F9A997705}.Debug|Any CPU.Build.0 = Debug|Any CPU
		{A74AA08B-58D3-4B52-BC40-3A4F9A997705}.Release|Any CPU.ActiveCfg = Release|Any CPU
		{A74AA08B-58D3-4B52-BC40-3A4F9A997705}.Release|Any CPU.Build.0 = Release|Any CPU
		{66CE9491-1C14-45D2-BEB6-A0695C63EBB2}.Debug|Any CPU.ActiveCfg = Debug|Any CPU
		{66CE9491-1C14-45D2-BEB6-A0695C63EBB2}.Debug|Any CPU.Build.0 = Debug|Any CPU
		{66CE9491-1C14-45D2-BEB6-A0695C63EBB2}.Release|Any CPU.ActiveCfg = Release|Any CPU
		{66CE9491-1C14-45D2-BEB6-A0695C63EBB2}.Release|Any CPU.Build.0 = Release|Any CPU
		{80F02FAD-FE7E-41B6-9151-BB650FDD6103}.Debug|Any CPU.ActiveCfg = Debug|Any CPU
		{80F02FAD-FE7E-41B6-9151-BB650FDD6103}.Debug|Any CPU.Build.0 = Debug|Any CPU
		{80F02FAD-FE7E-41B6-9151-BB650FDD6103}.Release|Any CPU.ActiveCfg = Release|Any CPU
		{80F02FAD-FE7E-41B6-9151-BB650FDD6103}.Release|Any CPU.Build.0 = Release|Any CPU
		{D46E5A94-A9DD-4337-ADD7-2D79CB9D640A}.Debug|Any CPU.ActiveCfg = Debug|Any CPU
		{D46E5A94-A9DD-4337-ADD7-2D79CB9D640A}.Debug|Any CPU.Build.0 = Debug|Any CPU
		{D46E5A94-A9DD-4337-ADD7-2D79CB9D640A}.Release|Any CPU.ActiveCfg = Release|Any CPU
		{D46E5A94-A9DD-4337-ADD7-2D79CB9D640A}.Release|Any CPU.Build.0 = Release|Any CPU
		{F43364BB-E460-4AC4-87E9-DE460A9F55F5}.Debug|Any CPU.ActiveCfg = Debug|Any CPU
		{F43364BB-E460-4AC4-87E9-DE460A9F55F5}.Debug|Any CPU.Build.0 = Debug|Any CPU
		{F43364BB-E460-4AC4-87E9-DE460A9F55F5}.Release|Any CPU.ActiveCfg = Release|Any CPU
		{F43364BB-E460-4AC4-87E9-DE460A9F55F5}.Release|Any CPU.Build.0 = Release|Any CPU
		{81E8D103-270F-4363-87D1-72BE7FC4F94A}.Debug|Any CPU.ActiveCfg = Debug|Any CPU
		{81E8D103-270F-4363-87D1-72BE7FC4F94A}.Debug|Any CPU.Build.0 = Debug|Any CPU
		{81E8D103-270F-4363-87D1-72BE7FC4F94A}.Release|Any CPU.ActiveCfg = Release|Any CPU
		{81E8D103-270F-4363-87D1-72BE7FC4F94A}.Release|Any CPU.Build.0 = Release|Any CPU
		{C28A09BF-6025-4EA1-90D7-4D5EC0AF815D}.Debug|Any CPU.ActiveCfg = Debug|Any CPU
		{C28A09BF-6025-4EA1-90D7-4D5EC0AF815D}.Debug|Any CPU.Build.0 = Debug|Any CPU
		{C28A09BF-6025-4EA1-90D7-4D5EC0AF815D}.Release|Any CPU.ActiveCfg = Release|Any CPU
		{C28A09BF-6025-4EA1-90D7-4D5EC0AF815D}.Release|Any CPU.Build.0 = Release|Any CPU
		{F43FC14B-5249-46F4-9E89-F4AAFDDB27ED}.Debug|Any CPU.ActiveCfg = Debug|Any CPU
		{F43FC14B-5249-46F4-9E89-F4AAFDDB27ED}.Debug|Any CPU.Build.0 = Debug|Any CPU
		{F43FC14B-5249-46F4-9E89-F4AAFDDB27ED}.Release|Any CPU.ActiveCfg = Release|Any CPU
		{F43FC14B-5249-46F4-9E89-F4AAFDDB27ED}.Release|Any CPU.Build.0 = Release|Any CPU
	EndGlobalSection
	GlobalSection(SolutionProperties) = preSolution
		HideSolutionNode = FALSE
	EndGlobalSection
	GlobalSection(NestedProjects) = preSolution
		{2FA8E679-3BEC-4679-A543-8CADB117C9EB} = {E04A4D31-AC10-4F56-9678-5D538932578C}
		{9921D017-AAFC-48E3-8F48-E45DC084CEA4} = {E04A4D31-AC10-4F56-9678-5D538932578C}
		{943D1B4C-578E-4A4D-ADB3-F823E13FBE28} = {E04A4D31-AC10-4F56-9678-5D538932578C}
		{A74AA08B-58D3-4B52-BC40-3A4F9A997705} = {E04A4D31-AC10-4F56-9678-5D538932578C}
		{D46E5A94-A9DD-4337-ADD7-2D79CB9D640A} = {E04A4D31-AC10-4F56-9678-5D538932578C}
		{81E8D103-270F-4363-87D1-72BE7FC4F94A} = {E04A4D31-AC10-4F56-9678-5D538932578C}
		{F43FC14B-5249-46F4-9E89-F4AAFDDB27ED} = {E04A4D31-AC10-4F56-9678-5D538932578C}
	EndGlobalSection
EndGlobal
