
Microsoft Visual Studio Solution File, Format Version 12.00
# Visual Studio 2013
VisualStudioVersion = 12.0.31101.0
MinimumVisualStudioVersion = 10.0.40219.1
Project("{FAE04EC0-301F-11D3-BF4B-00C04F79EFBC}") = "SonarProjectPropertiesGenerator", "SonarProjectPropertiesGenerator\SonarProjectPropertiesGenerator.csproj", "{6F9D11ED-51E2-47CF-BE36-10FB3CCD50D1}"
EndProject
Project("{FAE04EC0-301F-11D3-BF4B-00C04F79EFBC}") = "SonarProjectPropertiesGenerator.Tests", "SonarProjectPropertiesGenerator.Tests\SonarProjectPropertiesGenerator.Tests.csproj", "{F43FC14B-5249-46F4-9E89-F4AAFDDB27ED}"
EndProject
Global
	GlobalSection(SolutionConfigurationPlatforms) = preSolution
		Debug|Any CPU = Debug|Any CPU
		Release|Any CPU = Release|Any CPU
	EndGlobalSection
	GlobalSection(ProjectConfigurationPlatforms) = postSolution
		{6F9D11ED-51E2-47CF-BE36-10FB3CCD50D1}.Debug|Any CPU.ActiveCfg = Debug|Any CPU
		{6F9D11ED-51E2-47CF-BE36-10FB3CCD50D1}.Debug|Any CPU.Build.0 = Debug|Any CPU
		{6F9D11ED-51E2-47CF-BE36-10FB3CCD50D1}.Release|Any CPU.ActiveCfg = Release|Any CPU
		{6F9D11ED-51E2-47CF-BE36-10FB3CCD50D1}.Release|Any CPU.Build.0 = Release|Any CPU
		{F43FC14B-5249-46F4-9E89-F4AAFDDB27ED}.Debug|Any CPU.ActiveCfg = Debug|Any CPU
		{F43FC14B-5249-46F4-9E89-F4AAFDDB27ED}.Debug|Any CPU.Build.0 = Debug|Any CPU
		{F43FC14B-5249-46F4-9E89-F4AAFDDB27ED}.Release|Any CPU.ActiveCfg = Release|Any CPU
		{F43FC14B-5249-46F4-9E89-F4AAFDDB27ED}.Release|Any CPU.Build.0 = Release|Any CPU
	EndGlobalSection
	GlobalSection(SolutionProperties) = preSolution
		HideSolutionNode = FALSE
	EndGlobalSection
EndGlobal
