
Microsoft Visual Studio Solution File, Format Version 12.00
# Visual Studio 2013
VisualStudioVersion = 12.0.31101.0
MinimumVisualStudioVersion = 10.0.40219.1
Project("{FAE04EC0-301F-11D3-BF4B-00C04F79EFBC}") = "SonarProjectPropertiesGenerator", "SonarProjectPropertiesGenerator\SonarProjectPropertiesGenerator.csproj", "{6F9D11ED-51E2-47CF-BE36-10FB3CCD50D1}"
EndProject
Project("{FAE04EC0-301F-11D3-BF4B-00C04F79EFBC}") = "SonarProjectPropertiesGenerator.Tests", "Tests\SonarProjectPropertiesGenerator.Tests\SonarProjectPropertiesGenerator.Tests.csproj", "{F43FC14B-5249-46F4-9E89-F4AAFDDB27ED}"
EndProject
Project("{FAE04EC0-301F-11D3-BF4B-00C04F79EFBC}") = "Sonar.MSBuild.Tasks", "SonarMSBuild.Tasks\Sonar.MSBuild.Tasks.csproj", "{AB14D4F9-F7B9-4CAB-A0DD-54068B236A6D}"
EndProject
Project("{2150E333-8FDC-42A3-9474-1A3956D46DE8}") = "Tests", "Tests", "{E04A4D31-AC10-4F56-9678-5D538932578C}"
EndProject
Project("{FAE04EC0-301F-11D3-BF4B-00C04F79EFBC}") = "TestUtilities", "Tests\TestUtilities\TestUtilities.csproj", "{2FA8E679-3BEC-4679-A543-8CADB117C9EB}"
EndProject
Project("{FAE04EC0-301F-11D3-BF4B-00C04F79EFBC}") = "SonarMSBuild.Tasks.UnitTests", "Tests\SonarMSBuild.Tasks.UnitTests\SonarMSBuild.Tasks.UnitTests.csproj", "{9921D017-AAFC-48E3-8F48-E45DC084CEA4}"
EndProject
Project("{FAE04EC0-301F-11D3-BF4B-00C04F79EFBC}") = "SonarMSBuild.Tasks.IntegrationTests", "Tests\SonarMSBuild.Tasks.IntegrationTests\SonarMSBuild.Tasks.IntegrationTests.csproj", "{943D1B4C-578E-4A4D-ADB3-F823E13FBE28}"
EndProject
Project("{FAE04EC0-301F-11D3-BF4B-00C04F79EFBC}") = "Sonar.Common", "Sonar.Common\Sonar.Common.csproj", "{E312FDBB-BC13-4559-8F21-76CA5B88EBC5}"
EndProject
Project("{FAE04EC0-301F-11D3-BF4B-00C04F79EFBC}") = "Sonar.Common.UnitTests", "Tests\Sonar.Common.UnitTests\Sonar.Common.UnitTests.csproj", "{A74AA08B-58D3-4B52-BC40-3A4F9A997705}"
EndProject
Project("{2150E333-8FDC-42A3-9474-1A3956D46DE8}") = "BatchFiles", "BatchFiles", "{E5506C78-82DD-46FA-A82C-C203C522A05D}"
	ProjectSection(SolutionItems) = preProject
		BatchFiles\SonarPostBuild.bat = BatchFiles\SonarPostBuild.bat
	EndProjectSection
EndProject
Project("{FAE04EC0-301F-11D3-BF4B-00C04F79EFBC}") = "Sonar.FxCopRuleset", "Sonar.FxCopRuleset\Sonar.FxCopRuleset.csproj", "{8D291C7A-180B-4ADB-86A7-B23596517B83}"
EndProject
Project("{FAE04EC0-301F-11D3-BF4B-00C04F79EFBC}") = "Sonar.FxCopRuleset.UnitTests", "Tests\Sonar.FxCopRuleset.UnitTests\Sonar.FxCopRuleset.UnitTests.csproj", "{067CCA0B-6CE8-4791-9A3C-85F7E0F6E471}"
EndProject
Project("{FAE04EC0-301F-11D3-BF4B-00C04F79EFBC}") = "Sonar.TeamBuild.Integration", "Sonar.TeamBuild.Integration\Sonar.TeamBuild.Integration.csproj", "{66CE9491-1C14-45D2-BEB6-A0695C63EBB2}"
EndProject
Project("{FAE04EC0-301F-11D3-BF4B-00C04F79EFBC}") = "Sonar.TeamBuild.PostProcessor", "SonarTeamBuildPostProcessor\Sonar.TeamBuild.PostProcessor.csproj", "{80F02FAD-FE7E-41B6-9151-BB650FDD6103}"
EndProject
Project("{FAE04EC0-301F-11D3-BF4B-00C04F79EFBC}") = "Sonar.TeamBuild.Integration.Tests", "Tests\Sonar.TeamBuild.Integration.Tests\Sonar.TeamBuild.Integration.Tests.csproj", "{D46E5A94-A9DD-4337-ADD7-2D79CB9D640A}"
EndProject
Project("{FAE04EC0-301F-11D3-BF4B-00C04F79EFBC}") = "Sonar.TeamBuild.PreProcessor", "Sonar.TeamBuild.PreProcessor\Sonar.TeamBuild.PreProcessor.csproj", "{F43364BB-E460-4AC4-87E9-DE460A9F55F5}"
EndProject
Project("{FAE04EC0-301F-11D3-BF4B-00C04F79EFBC}") = "Sonar.TeamBuild.PreProcessor.Tests", "Tests\Sonar.TeamBuild.PreProcessor.Tests\Sonar.TeamBuild.PreProcessor.Tests.csproj", "{81E8D103-270F-4363-87D1-72BE7FC4F94A}"
EndProject
Global
	GlobalSection(SolutionConfigurationPlatforms) = preSolution
		Debug|Any CPU = Debug|Any CPU
		Release|Any CPU = Release|Any CPU
	EndGlobalSection
	GlobalSection(ProjectConfigurationPlatforms) = postSolution
		{6F9D11ED-51E2-47CF-BE36-10FB3CCD50D1}.Debug|Any CPU.ActiveCfg = Debug|Any CPU
		{6F9D11ED-51E2-47CF-BE36-10FB3CCD50D1}.Debug|Any CPU.Build.0 = Debug|Any CPU
		{6F9D11ED-51E2-47CF-BE36-10FB3CCD50D1}.Release|Any CPU.ActiveCfg = Release|Any CPU
		{6F9D11ED-51E2-47CF-BE36-10FB3CCD50D1}.Release|Any CPU.Build.0 = Release|Any CPU
		{F43FC14B-5249-46F4-9E89-F4AAFDDB27ED}.Debug|Any CPU.ActiveCfg = Debug|Any CPU
		{F43FC14B-5249-46F4-9E89-F4AAFDDB27ED}.Debug|Any CPU.Build.0 = Debug|Any CPU
		{F43FC14B-5249-46F4-9E89-F4AAFDDB27ED}.Release|Any CPU.ActiveCfg = Release|Any CPU
		{F43FC14B-5249-46F4-9E89-F4AAFDDB27ED}.Release|Any CPU.Build.0 = Release|Any CPU
		{AB14D4F9-F7B9-4CAB-A0DD-54068B236A6D}.Debug|Any CPU.ActiveCfg = Debug|Any CPU
		{AB14D4F9-F7B9-4CAB-A0DD-54068B236A6D}.Debug|Any CPU.Build.0 = Debug|Any CPU
		{AB14D4F9-F7B9-4CAB-A0DD-54068B236A6D}.Release|Any CPU.ActiveCfg = Release|Any CPU
		{AB14D4F9-F7B9-4CAB-A0DD-54068B236A6D}.Release|Any CPU.Build.0 = Release|Any CPU
		{2FA8E679-3BEC-4679-A543-8CADB117C9EB}.Debug|Any CPU.ActiveCfg = Debug|Any CPU
		{2FA8E679-3BEC-4679-A543-8CADB117C9EB}.Debug|Any CPU.Build.0 = Debug|Any CPU
		{2FA8E679-3BEC-4679-A543-8CADB117C9EB}.Release|Any CPU.ActiveCfg = Release|Any CPU
		{2FA8E679-3BEC-4679-A543-8CADB117C9EB}.Release|Any CPU.Build.0 = Release|Any CPU
		{9921D017-AAFC-48E3-8F48-E45DC084CEA4}.Debug|Any CPU.ActiveCfg = Debug|Any CPU
		{9921D017-AAFC-48E3-8F48-E45DC084CEA4}.Debug|Any CPU.Build.0 = Debug|Any CPU
		{9921D017-AAFC-48E3-8F48-E45DC084CEA4}.Release|Any CPU.ActiveCfg = Release|Any CPU
		{9921D017-AAFC-48E3-8F48-E45DC084CEA4}.Release|Any CPU.Build.0 = Release|Any CPU
		{943D1B4C-578E-4A4D-ADB3-F823E13FBE28}.Debug|Any CPU.ActiveCfg = Debug|Any CPU
		{943D1B4C-578E-4A4D-ADB3-F823E13FBE28}.Debug|Any CPU.Build.0 = Debug|Any CPU
		{943D1B4C-578E-4A4D-ADB3-F823E13FBE28}.Release|Any CPU.ActiveCfg = Release|Any CPU
		{943D1B4C-578E-4A4D-ADB3-F823E13FBE28}.Release|Any CPU.Build.0 = Release|Any CPU
		{E312FDBB-BC13-4559-8F21-76CA5B88EBC5}.Debug|Any CPU.ActiveCfg = Debug|Any CPU
		{E312FDBB-BC13-4559-8F21-76CA5B88EBC5}.Debug|Any CPU.Build.0 = Debug|Any CPU
		{E312FDBB-BC13-4559-8F21-76CA5B88EBC5}.Release|Any CPU.ActiveCfg = Release|Any CPU
		{E312FDBB-BC13-4559-8F21-76CA5B88EBC5}.Release|Any CPU.Build.0 = Release|Any CPU
		{A74AA08B-58D3-4B52-BC40-3A4F9A997705}.Debug|Any CPU.ActiveCfg = Debug|Any CPU
		{A74AA08B-58D3-4B52-BC40-3A4F9A997705}.Debug|Any CPU.Build.0 = Debug|Any CPU
		{A74AA08B-58D3-4B52-BC40-3A4F9A997705}.Release|Any CPU.ActiveCfg = Release|Any CPU
		{A74AA08B-58D3-4B52-BC40-3A4F9A997705}.Release|Any CPU.Build.0 = Release|Any CPU
		{8D291C7A-180B-4ADB-86A7-B23596517B83}.Debug|Any CPU.ActiveCfg = Debug|Any CPU
		{8D291C7A-180B-4ADB-86A7-B23596517B83}.Debug|Any CPU.Build.0 = Debug|Any CPU
		{8D291C7A-180B-4ADB-86A7-B23596517B83}.Release|Any CPU.ActiveCfg = Release|Any CPU
		{8D291C7A-180B-4ADB-86A7-B23596517B83}.Release|Any CPU.Build.0 = Release|Any CPU
		{067CCA0B-6CE8-4791-9A3C-85F7E0F6E471}.Debug|Any CPU.ActiveCfg = Debug|Any CPU
		{067CCA0B-6CE8-4791-9A3C-85F7E0F6E471}.Debug|Any CPU.Build.0 = Debug|Any CPU
		{067CCA0B-6CE8-4791-9A3C-85F7E0F6E471}.Release|Any CPU.ActiveCfg = Release|Any CPU
		{067CCA0B-6CE8-4791-9A3C-85F7E0F6E471}.Release|Any CPU.Build.0 = Release|Any CPU
		{66CE9491-1C14-45D2-BEB6-A0695C63EBB2}.Debug|Any CPU.ActiveCfg = Debug|Any CPU
		{66CE9491-1C14-45D2-BEB6-A0695C63EBB2}.Debug|Any CPU.Build.0 = Debug|Any CPU
		{66CE9491-1C14-45D2-BEB6-A0695C63EBB2}.Release|Any CPU.ActiveCfg = Release|Any CPU
		{66CE9491-1C14-45D2-BEB6-A0695C63EBB2}.Release|Any CPU.Build.0 = Release|Any CPU
		{80F02FAD-FE7E-41B6-9151-BB650FDD6103}.Debug|Any CPU.ActiveCfg = Debug|Any CPU
		{80F02FAD-FE7E-41B6-9151-BB650FDD6103}.Debug|Any CPU.Build.0 = Debug|Any CPU
		{80F02FAD-FE7E-41B6-9151-BB650FDD6103}.Release|Any CPU.ActiveCfg = Release|Any CPU
		{80F02FAD-FE7E-41B6-9151-BB650FDD6103}.Release|Any CPU.Build.0 = Release|Any CPU
		{D46E5A94-A9DD-4337-ADD7-2D79CB9D640A}.Debug|Any CPU.ActiveCfg = Debug|Any CPU
		{D46E5A94-A9DD-4337-ADD7-2D79CB9D640A}.Debug|Any CPU.Build.0 = Debug|Any CPU
		{D46E5A94-A9DD-4337-ADD7-2D79CB9D640A}.Release|Any CPU.ActiveCfg = Release|Any CPU
		{D46E5A94-A9DD-4337-ADD7-2D79CB9D640A}.Release|Any CPU.Build.0 = Release|Any CPU
		{F43364BB-E460-4AC4-87E9-DE460A9F55F5}.Debug|Any CPU.ActiveCfg = Debug|Any CPU
		{F43364BB-E460-4AC4-87E9-DE460A9F55F5}.Debug|Any CPU.Build.0 = Debug|Any CPU
		{F43364BB-E460-4AC4-87E9-DE460A9F55F5}.Release|Any CPU.ActiveCfg = Release|Any CPU
		{F43364BB-E460-4AC4-87E9-DE460A9F55F5}.Release|Any CPU.Build.0 = Release|Any CPU
		{81E8D103-270F-4363-87D1-72BE7FC4F94A}.Debug|Any CPU.ActiveCfg = Debug|Any CPU
		{81E8D103-270F-4363-87D1-72BE7FC4F94A}.Debug|Any CPU.Build.0 = Debug|Any CPU
		{81E8D103-270F-4363-87D1-72BE7FC4F94A}.Release|Any CPU.ActiveCfg = Release|Any CPU
		{81E8D103-270F-4363-87D1-72BE7FC4F94A}.Release|Any CPU.Build.0 = Release|Any CPU
	EndGlobalSection
	GlobalSection(SolutionProperties) = preSolution
		HideSolutionNode = FALSE
	EndGlobalSection
	GlobalSection(NestedProjects) = preSolution
		{F43FC14B-5249-46F4-9E89-F4AAFDDB27ED} = {E04A4D31-AC10-4F56-9678-5D538932578C}
		{2FA8E679-3BEC-4679-A543-8CADB117C9EB} = {E04A4D31-AC10-4F56-9678-5D538932578C}
		{9921D017-AAFC-48E3-8F48-E45DC084CEA4} = {E04A4D31-AC10-4F56-9678-5D538932578C}
		{943D1B4C-578E-4A4D-ADB3-F823E13FBE28} = {E04A4D31-AC10-4F56-9678-5D538932578C}
		{A74AA08B-58D3-4B52-BC40-3A4F9A997705} = {E04A4D31-AC10-4F56-9678-5D538932578C}
		{067CCA0B-6CE8-4791-9A3C-85F7E0F6E471} = {E04A4D31-AC10-4F56-9678-5D538932578C}
		{D46E5A94-A9DD-4337-ADD7-2D79CB9D640A} = {E04A4D31-AC10-4F56-9678-5D538932578C}
		{81E8D103-270F-4363-87D1-72BE7FC4F94A} = {E04A4D31-AC10-4F56-9678-5D538932578C}
	EndGlobalSection
EndGlobal
