
Microsoft Visual Studio Solution File, Format Version 12.00
# Visual Studio Version 17
VisualStudioVersion = 17.2.32526.322
MinimumVisualStudioVersion = 10.0.40219.1
Project("{9A19103F-16F7-4668-BE54-9A1E7A4F7556}") = "ProjectWithSourceGenAndAnalyzer", "ProjectWithSourceGenAndAnalyzer\ProjectWithSourceGenAndAnalyzer.csproj", "{76169A6D-2D7B-40A4-988F-6A4E3C6CB460}"
EndProject
Project("{9A19103F-16F7-4668-BE54-9A1E7A4F7556}") = "SourceGenerator", "SourceGenerator\SourceGenerator.csproj", "{B7DDE3C5-5051-44CA-BC02-46C550E4DA3F}"
EndProject
Global
	GlobalSection(SolutionConfigurationPlatforms) = preSolution
		Debug|Any CPU = Debug|Any CPU
		Release|Any CPU = Release|Any CPU
	EndGlobalSection
	GlobalSection(ProjectConfigurationPlatforms) = postSolution
		{76169A6D-2D7B-40A4-988F-6A4E3C6CB460}.Debug|Any CPU.ActiveCfg = Debug|Any CPU
		{76169A6D-2D7B-40A4-988F-6A4E3C6CB460}.Debug|Any CPU.Build.0 = Debug|Any CPU
		{76169A6D-2D7B-40A4-988F-6A4E3C6CB460}.Release|Any CPU.ActiveCfg = Release|Any CPU
		{76169A6D-2D7B-40A4-988F-6A4E3C6CB460}.Release|Any CPU.Build.0 = Release|Any CPU
		{B7DDE3C5-5051-44CA-BC02-46C550E4DA3F}.Debug|Any CPU.ActiveCfg = Debug|Any CPU
		{B7DDE3C5-5051-44CA-BC02-46C550E4DA3F}.Debug|Any CPU.Build.0 = Debug|Any CPU
		{B7DDE3C5-5051-44CA-BC02-46C550E4DA3F}.Release|Any CPU.ActiveCfg = Release|Any CPU
		{B7DDE3C5-5051-44CA-BC02-46C550E4DA3F}.Release|Any CPU.Build.0 = Release|Any CPU
	EndGlobalSection
	GlobalSection(SolutionProperties) = preSolution
		HideSolutionNode = FALSE
	EndGlobalSection
	GlobalSection(ExtensibilityGlobals) = postSolution
		SolutionGuid = {F199B7B3-A0BE-4366-896A-86A7A73B0C67}
	EndGlobalSection
EndGlobal
